// !$*UTF8*$!
{
	archiveVersion = 1;
	classes = {
	};
	objectVersion = 46;
	objects = {

/* Begin PBXBuildFile section */
		B31DBF8E1F3B7DEC00150FC2 /* AppDelegate.swift in Sources */ = {isa = PBXBuildFile; fileRef = B31DBF8D1F3B7DEC00150FC2 /* AppDelegate.swift */; };
		B31DBF901F3B7DEC00150FC2 /* ViewController.swift in Sources */ = {isa = PBXBuildFile; fileRef = B31DBF8F1F3B7DEC00150FC2 /* ViewController.swift */; };
		B31DBF931F3B7DEC00150FC2 /* Main.storyboard in Resources */ = {isa = PBXBuildFile; fileRef = B31DBF911F3B7DEC00150FC2 /* Main.storyboard */; };
		B31DBF951F3B7DEC00150FC2 /* Assets.xcassets in Resources */ = {isa = PBXBuildFile; fileRef = B31DBF941F3B7DEC00150FC2 /* Assets.xcassets */; };
		B31DBF981F3B7DEC00150FC2 /* LaunchScreen.storyboard in Resources */ = {isa = PBXBuildFile; fileRef = B31DBF961F3B7DEC00150FC2 /* LaunchScreen.storyboard */; };
/* End PBXBuildFile section */

/* Begin PBXFileReference section */
		B31DBF8A1F3B7DEC00150FC2 /* ScrollingForm.app */ = {isa = PBXFileReference; explicitFileType = wrapper.application; includeInIndex = 0; path = ScrollingForm.app; sourceTree = BUILT_PRODUCTS_DIR; };
		B31DBF8D1F3B7DEC00150FC2 /* AppDelegate.swift */ = {isa = PBXFileReference; lastKnownFileType = sourcecode.swift; path = AppDelegate.swift; sourceTree = "<group>"; };
		B31DBF8F1F3B7DEC00150FC2 /* ViewController.swift */ = {isa = PBXFileReference; lastKnownFileType = sourcecode.swift; path = ViewController.swift; sourceTree = "<group>"; };
		B31DBF921F3B7DEC00150FC2 /* Base */ = {isa = PBXFileReference; lastKnownFileType = file.storyboard; name = Base; path = Base.lproj/Main.storyboard; sourceTree = "<group>"; };
		B31DBF941F3B7DEC00150FC2 /* Assets.xcassets */ = {isa = PBXFileReference; lastKnownFileType = folder.assetcatalog; path = Assets.xcassets; sourceTree = "<group>"; };
		B31DBF971F3B7DEC00150FC2 /* Base */ = {isa = PBXFileReference; lastKnownFileType = file.storyboard; name = Base; path = Base.lproj/LaunchScreen.storyboard; sourceTree = "<group>"; };
		B31DBF991F3B7DEC00150FC2 /* Info.plist */ = {isa = PBXFileReference; lastKnownFileType = text.plist.xml; path = Info.plist; sourceTree = "<group>"; };
/* End PBXFileReference section */

/* Begin PBXFrameworksBuildPhase section */
		B31DBF871F3B7DEC00150FC2 /* Frameworks */ = {
			isa = PBXFrameworksBuildPhase;
			buildActionMask = 2147483647;
			files = (
			);
			runOnlyForDeploymentPostprocessing = 0;
		};
/* End PBXFrameworksBuildPhase section */

/* Begin PBXGroup section */
		B31DBF811F3B7DEC00150FC2 = {
			isa = PBXGroup;
			children = (
				B31DBF8C1F3B7DEC00150FC2 /* ScrollingForm */,
				B31DBF8B1F3B7DEC00150FC2 /* Products */,
			);
			sourceTree = "<group>";
		};
		B31DBF8B1F3B7DEC00150FC2 /* Products */ = {
			isa = PBXGroup;
			children = (
				B31DBF8A1F3B7DEC00150FC2 /* ScrollingForm.app */,
			);
			name = Products;
			sourceTree = "<group>";
		};
		B31DBF8C1F3B7DEC00150FC2 /* ScrollingForm */ = {
			isa = PBXGroup;
			children = (
				B31DBF8D1F3B7DEC00150FC2 /* AppDelegate.swift */,
				B31DBF8F1F3B7DEC00150FC2 /* ViewController.swift */,
				B31DBF911F3B7DEC00150FC2 /* Main.storyboard */,
				B31DBF941F3B7DEC00150FC2 /* Assets.xcassets */,
				B31DBF961F3B7DEC00150FC2 /* LaunchScreen.storyboard */,
				B31DBF991F3B7DEC00150FC2 /* Info.plist */,
			);
			path = ScrollingForm;
			sourceTree = "<group>";
		};
/* End PBXGroup section */

/* Begin PBXNativeTarget section */
		B31DBF891F3B7DEC00150FC2 /* ScrollingForm */ = {
			isa = PBXNativeTarget;
			buildConfigurationList = B31DBF9C1F3B7DEC00150FC2 /* Build configuration list for PBXNativeTarget "ScrollingForm" */;
			buildPhases = (
				B31DBF861F3B7DEC00150FC2 /* Sources */,
				B31DBF871F3B7DEC00150FC2 /* Frameworks */,
				B31DBF881F3B7DEC00150FC2 /* Resources */,
			);
			buildRules = (
			);
			dependencies = (
			);
			name = ScrollingForm;
			productName = ScrollingForm;
			productReference = B31DBF8A1F3B7DEC00150FC2 /* ScrollingForm.app */;
			productType = "com.apple.product-type.application";
		};
/* End PBXNativeTarget section */

/* Begin PBXProject section */
		B31DBF821F3B7DEC00150FC2 /* Project object */ = {
			isa = PBXProject;
			attributes = {
				LastSwiftUpdateCheck = 0830;
				LastUpgradeCheck = 0830;
				ORGANIZATIONNAME = "Guillermo Alcalá Gamero";
				TargetAttributes = {
					B31DBF891F3B7DEC00150FC2 = {
						CreatedOnToolsVersion = 8.3.3;
						ProvisioningStyle = Automatic;
					};
				};
			};
			buildConfigurationList = B31DBF851F3B7DEC00150FC2 /* Build configuration list for PBXProject "ScrollingForm" */;
			compatibilityVersion = "Xcode 3.2";
			developmentRegion = English;
			hasScannedForEncodings = 0;
			knownRegions = (
				en,
				Base,
			);
			mainGroup = B31DBF811F3B7DEC00150FC2;
			productRefGroup = B31DBF8B1F3B7DEC00150FC2 /* Products */;
			projectDirPath = "";
			projectRoot = "";
			targets = (
				B31DBF891F3B7DEC00150FC2 /* ScrollingForm */,
			);
		};
/* End PBXProject section */

/* Begin PBXResourcesBuildPhase section */
		B31DBF881F3B7DEC00150FC2 /* Resources */ = {
			isa = PBXResourcesBuildPhase;
			buildActionMask = 2147483647;
			files = (
				B31DBF981F3B7DEC00150FC2 /* LaunchScreen.storyboard in Resources */,
				B31DBF951F3B7DEC00150FC2 /* Assets.xcassets in Resources */,
				B31DBF931F3B7DEC00150FC2 /* Main.storyboard in Resources */,
			);
			runOnlyForDeploymentPostprocessing = 0;
		};
/* End PBXResourcesBuildPhase section */

/* Begin PBXSourcesBuildPhase section */
		B31DBF861F3B7DEC00150FC2 /* Sources */ = {
			isa = PBXSourcesBuildPhase;
			buildActionMask = 2147483647;
			files = (
				B31DBF901F3B7DEC00150FC2 /* ViewController.swift in Sources */,
				B31DBF8E1F3B7DEC00150FC2 /* AppDelegate.swift in Sources */,
			);
			runOnlyForDeploymentPostprocessing = 0;
		};
/* End PBXSourcesBuildPhase section */

/* Begin PBXVariantGroup section */
		B31DBF911F3B7DEC00150FC2 /* Main.storyboard */ = {
			isa = PBXVariantGroup;
			children = (
				B31DBF921F3B7DEC00150FC2 /* Base */,
			);
			name = Main.storyboard;
			sourceTree = "<group>";
		};
		B31DBF961F3B7DEC00150FC2 /* LaunchScreen.storyboard */ = {
			isa = PBXVariantGroup;
			children = (
				B31DBF971F3B7DEC00150FC2 /* Base */,
			);
			name = LaunchScreen.storyboard;
			sourceTree = "<group>";
		};
/* End PBXVariantGroup section */

/* Begin XCBuildConfiguration section */
		B31DBF9A1F3B7DEC00150FC2 /* Debug */ = {
			isa = XCBuildConfiguration;
			buildSettings = {
				ALWAYS_SEARCH_USER_PATHS = NO;
				CLANG_ANALYZER_NONNULL = YES;
				CLANG_ANALYZER_NUMBER_OBJECT_CONVERSION = YES_AGGRESSIVE;
				CLANG_CXX_LANGUAGE_STANDARD = "gnu++0x";
				CLANG_CXX_LIBRARY = "libc++";
				CLANG_ENABLE_MODULES = YES;
				CLANG_ENABLE_OBJC_ARC = YES;
				CLANG_WARN_BOOL_CONVERSION = YES;
				CLANG_WARN_CONSTANT_CONVERSION = YES;
				CLANG_WARN_DIRECT_OBJC_ISA_USAGE = YES_ERROR;
				CLANG_WARN_DOCUMENTATION_COMMENTS = YES;
				CLANG_WARN_EMPTY_BODY = YES;
				CLANG_WARN_ENUM_CONVERSION = YES;
				CLANG_WARN_INFINITE_RECURSION = YES;
				CLANG_WARN_INT_CONVERSION = YES;
				CLANG_WARN_OBJC_ROOT_CLASS = YES_ERROR;
				CLANG_WARN_SUSPICIOUS_MOVE = YES;
				CLANG_WARN_UNREACHABLE_CODE = YES;
				CLANG_WARN__DUPLICATE_METHOD_MATCH = YES;
				"CODE_SIGN_IDENTITY[sdk=iphoneos*]" = "iPhone Developer";
				COPY_PHASE_STRIP = NO;
				DEBUG_INFORMATION_FORMAT = dwarf;
				ENABLE_STRICT_OBJC_MSGSEND = YES;
				ENABLE_TESTABILITY = YES;
				GCC_C_LANGUAGE_STANDARD = gnu99;
				GCC_DYNAMIC_NO_PIC = NO;
				GCC_NO_COMMON_BLOCKS = YES;
				GCC_OPTIMIZATION_LEVEL = 0;
				GCC_PREPROCESSOR_DEFINITIONS = (
					"DEBUG=1",
					"$(inherited)",
				);
				GCC_WARN_64_TO_32_BIT_CONVERSION = YES;
				GCC_WARN_ABOUT_RETURN_TYPE = YES_ERROR;
				GCC_WARN_UNDECLARED_SELECTOR = YES;
				GCC_WARN_UNINITIALIZED_AUTOS = YES_AGGRESSIVE;
				GCC_WARN_UNUSED_FUNCTION = YES;
				GCC_WARN_UNUSED_VARIABLE = YES;
				IPHONEOS_DEPLOYMENT_TARGET = 10.3;
				MTL_ENABLE_DEBUG_INFO = YES;
				ONLY_ACTIVE_ARCH = YES;
				SDKROOT = iphoneos;
				SWIFT_ACTIVE_COMPILATION_CONDITIONS = DEBUG;
				SWIFT_OPTIMIZATION_LEVEL = "-Onone";
				TARGETED_DEVICE_FAMILY = "1,2";
			};
			name = Debug;
		};
		B31DBF9B1F3B7DEC00150FC2 /* Release */ = {
			isa = XCBuildConfiguration;
			buildSettings = {
				ALWAYS_SEARCH_USER_PATHS = NO;
				CLANG_ANALYZER_NONNULL = YES;
				CLANG_ANALYZER_NUMBER_OBJECT_CONVERSION = YES_AGGRESSIVE;
				CLANG_CXX_LANGUAGE_STANDARD = "gnu++0x";
				CLANG_CXX_LIBRARY = "libc++";
				CLANG_ENABLE_MODULES = YES;
				CLANG_ENABLE_OBJC_ARC = YES;
				CLANG_WARN_BOOL_CONVERSION = YES;
				CLANG_WARN_CONSTANT_CONVERSION = YES;
				CLANG_WARN_DIRECT_OBJC_ISA_USAGE = YES_ERROR;
				CLANG_WARN_DOCUMENTATION_COMMENTS = YES;
				CLANG_WARN_EMPTY_BODY = YES;
				CLANG_WARN_ENUM_CONVERSION = YES;
				CLANG_WARN_INFINITE_RECURSION = YES;
				CLANG_WARN_INT_CONVERSION = YES;
				CLANG_WARN_OBJC_ROOT_CLASS = YES_ERROR;
				CLANG_WARN_SUSPICIOUS_MOVE = YES;
				CLANG_WARN_UNREACHABLE_CODE = YES;
				CLANG_WARN__DUPLICATE_METHOD_MATCH = YES;
				"CODE_SIGN_IDENTITY[sdk=iphoneos*]" = "iPhone Developer";
				COPY_PHASE_STRIP = NO;
				DEBUG_INFORMATION_FORMAT = "dwarf-with-dsym";
				ENABLE_NS_ASSERTIONS = NO;
				ENABLE_STRICT_OBJC_MSGSEND = YES;
				GCC_C_LANGUAGE_STANDARD = gnu99;
				GCC_NO_COMMON_BLOCKS = YES;
				GCC_WARN_64_TO_32_BIT_CONVERSION = YES;
				GCC_WARN_ABOUT_RETURN_TYPE = YES_ERROR;
				GCC_WARN_UNDECLARED_SELECTOR = YES;
				GCC_WARN_UNINITIALIZED_AUTOS = YES_AGGRESSIVE;
				GCC_WARN_UNUSED_FUNCTION = YES;
				GCC_WARN_UNUSED_VARIABLE = YES;
				IPHONEOS_DEPLOYMENT_TARGET = 10.3;
				MTL_ENABLE_DEBUG_INFO = NO;
				SDKROOT = iphoneos;
				SWIFT_OPTIMIZATION_LEVEL = "-Owholemodule";
				TARGETED_DEVICE_FAMILY = "1,2";
				VALIDATE_PRODUCT = YES;
			};
			name = Release;
		};
		B31DBF9D1F3B7DEC00150FC2 /* Debug */ = {
			isa = XCBuildConfiguration;
			buildSettings = {
				ASSETCATALOG_COMPILER_APPICON_NAME = AppIcon;
				INFOPLIST_FILE = ScrollingForm/Info.plist;
				LD_RUNPATH_SEARCH_PATHS = "$(inherited) @executable_path/Frameworks";
				PRODUCT_BUNDLE_IDENTIFIER = com.example.ScrollingForm;
				PRODUCT_NAME = "$(TARGET_NAME)";
				SWIFT_VERSION = 3.0;
			};
			name = Debug;
		};
		B31DBF9E1F3B7DEC00150FC2 /* Release */ = {
			isa = XCBuildConfiguration;
			buildSettings = {
				ASSETCATALOG_COMPILER_APPICON_NAME = AppIcon;
				INFOPLIST_FILE = ScrollingForm/Info.plist;
				LD_RUNPATH_SEARCH_PATHS = "$(inherited) @executable_path/Frameworks";
				PRODUCT_BUNDLE_IDENTIFIER = com.example.ScrollingForm;
				PRODUCT_NAME = "$(TARGET_NAME)";
				SWIFT_VERSION = 3.0;
			};
			name = Release;
		};
/* End XCBuildConfiguration section */

/* Begin XCConfigurationList section */
		B31DBF851F3B7DEC00150FC2 /* Build configuration list for PBXProject "ScrollingForm" */ = {
			isa = XCConfigurationList;
			buildConfigurations = (
				B31DBF9A1F3B7DEC00150FC2 /* Debug */,
				B31DBF9B1F3B7DEC00150FC2 /* Release */,
			);
			defaultConfigurationIsVisible = 0;
			defaultConfigurationName = Release;
		};
		B31DBF9C1F3B7DEC00150FC2 /* Build configuration list for PBXNativeTarget "ScrollingForm" */ = {
			isa = XCConfigurationList;
			buildConfigurations = (
				B31DBF9D1F3B7DEC00150FC2 /* Debug */,
				B31DBF9E1F3B7DEC00150FC2 /* Release */,
			);
			defaultConfigurationIsVisible = 0;
		};
/* End XCConfigurationList section */
	};
	rootObject = B31DBF821F3B7DEC00150FC2 /* Project object */;
}
