// !$*UTF8*$!
{
	archiveVersion = 1;
	classes = {
	};
	objectVersion = 46;
	objects = {

/* Begin PBXBuildFile section */
		B31184481F45D8B9002D700F /* AppDelegate.swift in Sources */ = {isa = PBXBuildFile; fileRef = B31184471F45D8B9002D700F /* AppDelegate.swift */; };
		B311844D1F45D8B9002D700F /* Main.storyboard in Resources */ = {isa = PBXBuildFile; fileRef = B311844B1F45D8B9002D700F /* Main.storyboard */; };
		B311844F1F45D8B9002D700F /* Assets.xcassets in Resources */ = {isa = PBXBuildFile; fileRef = B311844E1F45D8B9002D700F /* Assets.xcassets */; };
		B31184521F45D8B9002D700F /* LaunchScreen.storyboard in Resources */ = {isa = PBXBuildFile; fileRef = B31184501F45D8B9002D700F /* LaunchScreen.storyboard */; };
		B311845A1F45DA50002D700F /* ToDo.swift in Sources */ = {isa = PBXBuildFile; fileRef = B31184591F45DA50002D700F /* ToDo.swift */; };
		B311845D1F45DC74002D700F /* ToDoTableViewController.swift in Sources */ = {isa = PBXBuildFile; fileRef = B311845C1F45DC74002D700F /* ToDoTableViewController.swift */; };
		B31184601F45EA0C002D700F /* ToDoViewController.swift in Sources */ = {isa = PBXBuildFile; fileRef = B311845F1F45EA0C002D700F /* ToDoViewController.swift */; };
		B31184621F45FE13002D700F /* ToDoCell.swift in Sources */ = {isa = PBXBuildFile; fileRef = B31184611F45FE13002D700F /* ToDoCell.swift */; };
/* End PBXBuildFile section */

/* Begin PBXFileReference section */
		B31184441F45D8B9002D700F /* ToDoList.app */ = {isa = PBXFileReference; explicitFileType = wrapper.application; includeInIndex = 0; path = ToDoList.app; sourceTree = BUILT_PRODUCTS_DIR; };
		B31184471F45D8B9002D700F /* AppDelegate.swift */ = {isa = PBXFileReference; lastKnownFileType = sourcecode.swift; path = AppDelegate.swift; sourceTree = "<group>"; };
		B311844C1F45D8B9002D700F /* Base */ = {isa = PBXFileReference; lastKnownFileType = file.storyboard; name = Base; path = Base.lproj/Main.storyboard; sourceTree = "<group>"; };
		B311844E1F45D8B9002D700F /* Assets.xcassets */ = {isa = PBXFileReference; lastKnownFileType = folder.assetcatalog; path = Assets.xcassets; sourceTree = "<group>"; };
		B31184511F45D8B9002D700F /* Base */ = {isa = PBXFileReference; lastKnownFileType = file.storyboard; name = Base; path = Base.lproj/LaunchScreen.storyboard; sourceTree = "<group>"; };
		B31184531F45D8B9002D700F /* Info.plist */ = {isa = PBXFileReference; lastKnownFileType = text.plist.xml; path = Info.plist; sourceTree = "<group>"; };
		B31184591F45DA50002D700F /* ToDo.swift */ = {isa = PBXFileReference; fileEncoding = 4; lastKnownFileType = sourcecode.swift; path = ToDo.swift; sourceTree = "<group>"; };
		B311845C1F45DC74002D700F /* ToDoTableViewController.swift */ = {isa = PBXFileReference; fileEncoding = 4; lastKnownFileType = sourcecode.swift; path = ToDoTableViewController.swift; sourceTree = "<group>"; };
		B311845F1F45EA0C002D700F /* ToDoViewController.swift */ = {isa = PBXFileReference; fileEncoding = 4; lastKnownFileType = sourcecode.swift; path = ToDoViewController.swift; sourceTree = "<group>"; };
		B31184611F45FE13002D700F /* ToDoCell.swift */ = {isa = PBXFileReference; fileEncoding = 4; lastKnownFileType = sourcecode.swift; path = ToDoCell.swift; sourceTree = "<group>"; };
/* End PBXFileReference section */

/* Begin PBXFrameworksBuildPhase section */
		B31184411F45D8B9002D700F /* Frameworks */ = {
			isa = PBXFrameworksBuildPhase;
			buildActionMask = 2147483647;
			files = (
			);
			runOnlyForDeploymentPostprocessing = 0;
		};
/* End PBXFrameworksBuildPhase section */

/* Begin PBXGroup section */
		B311843B1F45D8B9002D700F = {
			isa = PBXGroup;
			children = (
				B31184461F45D8B9002D700F /* ToDoList */,
				B31184451F45D8B9002D700F /* Products */,
			);
			sourceTree = "<group>";
		};
		B31184451F45D8B9002D700F /* Products */ = {
			isa = PBXGroup;
			children = (
				B31184441F45D8B9002D700F /* ToDoList.app */,
			);
			name = Products;
			sourceTree = "<group>";
		};
		B31184461F45D8B9002D700F /* ToDoList */ = {
			isa = PBXGroup;
			children = (
				B311845B1F45DA54002D700F /* Model */,
				B311845E1F45DC78002D700F /* View Controllers */,
				B31184631F45FE18002D700F /* View */,
				B31184471F45D8B9002D700F /* AppDelegate.swift */,
				B311844B1F45D8B9002D700F /* Main.storyboard */,
				B311844E1F45D8B9002D700F /* Assets.xcassets */,
				B31184501F45D8B9002D700F /* LaunchScreen.storyboard */,
				B31184531F45D8B9002D700F /* Info.plist */,
			);
			path = ToDoList;
			sourceTree = "<group>";
		};
		B311845B1F45DA54002D700F /* Model */ = {
			isa = PBXGroup;
			children = (
				B31184591F45DA50002D700F /* ToDo.swift */,
			);
			name = Model;
			sourceTree = "<group>";
		};
		B311845E1F45DC78002D700F /* View Controllers */ = {
			isa = PBXGroup;
			children = (
				B311845C1F45DC74002D700F /* ToDoTableViewController.swift */,
				B311845F1F45EA0C002D700F /* ToDoViewController.swift */,
			);
			name = "View Controllers";
			sourceTree = "<group>";
		};
		B31184631F45FE18002D700F /* View */ = {
			isa = PBXGroup;
			children = (
				B31184611F45FE13002D700F /* ToDoCell.swift */,
			);
			name = View;
			sourceTree = "<group>";
		};
/* End PBXGroup section */

/* Begin PBXNativeTarget section */
		B31184431F45D8B9002D700F /* ToDoList */ = {
			isa = PBXNativeTarget;
			buildConfigurationList = B31184561F45D8B9002D700F /* Build configuration list for PBXNativeTarget "ToDoList" */;
			buildPhases = (
				B31184401F45D8B9002D700F /* Sources */,
				B31184411F45D8B9002D700F /* Frameworks */,
				B31184421F45D8B9002D700F /* Resources */,
			);
			buildRules = (
			);
			dependencies = (
			);
			name = ToDoList;
			productName = ToDoList;
			productReference = B31184441F45D8B9002D700F /* ToDoList.app */;
			productType = "com.apple.product-type.application";
		};
/* End PBXNativeTarget section */

/* Begin PBXProject section */
		B311843C1F45D8B9002D700F /* Project object */ = {
			isa = PBXProject;
			attributes = {
				LastSwiftUpdateCheck = 0830;
				LastUpgradeCheck = 0830;
				ORGANIZATIONNAME = "Guillermo Alcalá Gamero";
				TargetAttributes = {
					B31184431F45D8B9002D700F = {
						CreatedOnToolsVersion = 8.3.3;
						ProvisioningStyle = Automatic;
					};
				};
			};
			buildConfigurationList = B311843F1F45D8B9002D700F /* Build configuration list for PBXProject "ToDoList" */;
			compatibilityVersion = "Xcode 3.2";
			developmentRegion = English;
			hasScannedForEncodings = 0;
			knownRegions = (
				en,
				Base,
			);
			mainGroup = B311843B1F45D8B9002D700F;
			productRefGroup = B31184451F45D8B9002D700F /* Products */;
			projectDirPath = "";
			projectRoot = "";
			targets = (
				B31184431F45D8B9002D700F /* ToDoList */,
			);
		};
/* End PBXProject section */

/* Begin PBXResourcesBuildPhase section */
		B31184421F45D8B9002D700F /* Resources */ = {
			isa = PBXResourcesBuildPhase;
			buildActionMask = 2147483647;
			files = (
				B31184521F45D8B9002D700F /* LaunchScreen.storyboard in Resources */,
				B311844F1F45D8B9002D700F /* Assets.xcassets in Resources */,
				B311844D1F45D8B9002D700F /* Main.storyboard in Resources */,
			);
			runOnlyForDeploymentPostprocessing = 0;
		};
/* End PBXResourcesBuildPhase section */

/* Begin PBXSourcesBuildPhase section */
		B31184401F45D8B9002D700F /* Sources */ = {
			isa = PBXSourcesBuildPhase;
			buildActionMask = 2147483647;
			files = (
				B31184601F45EA0C002D700F /* ToDoViewController.swift in Sources */,
				B31184481F45D8B9002D700F /* AppDelegate.swift in Sources */,
				B311845D1F45DC74002D700F /* ToDoTableViewController.swift in Sources */,
				B311845A1F45DA50002D700F /* ToDo.swift in Sources */,
				B31184621F45FE13002D700F /* ToDoCell.swift in Sources */,
			);
			runOnlyForDeploymentPostprocessing = 0;
		};
/* End PBXSourcesBuildPhase section */

/* Begin PBXVariantGroup section */
		B311844B1F45D8B9002D700F /* Main.storyboard */ = {
			isa = PBXVariantGroup;
			children = (
				B311844C1F45D8B9002D700F /* Base */,
			);
			name = Main.storyboard;
			sourceTree = "<group>";
		};
		B31184501F45D8B9002D700F /* LaunchScreen.storyboard */ = {
			isa = PBXVariantGroup;
			children = (
				B31184511F45D8B9002D700F /* Base */,
			);
			name = LaunchScreen.storyboard;
			sourceTree = "<group>";
		};
/* End PBXVariantGroup section */

/* Begin XCBuildConfiguration section */
		B31184541F45D8B9002D700F /* Debug */ = {
			isa = XCBuildConfiguration;
			buildSettings = {
				ALWAYS_SEARCH_USER_PATHS = NO;
				CLANG_ANALYZER_NONNULL = YES;
				CLANG_ANALYZER_NUMBER_OBJECT_CONVERSION = YES_AGGRESSIVE;
				CLANG_CXX_LANGUAGE_STANDARD = "gnu++0x";
				CLANG_CXX_LIBRARY = "libc++";
				CLANG_ENABLE_MODULES = YES;
				CLANG_ENABLE_OBJC_ARC = YES;
				CLANG_WARN_BOOL_CONVERSION = YES;
				CLANG_WARN_CONSTANT_CONVERSION = YES;
				CLANG_WARN_DIRECT_OBJC_ISA_USAGE = YES_ERROR;
				CLANG_WARN_DOCUMENTATION_COMMENTS = YES;
				CLANG_WARN_EMPTY_BODY = YES;
				CLANG_WARN_ENUM_CONVERSION = YES;
				CLANG_WARN_INFINITE_RECURSION = YES;
				CLANG_WARN_INT_CONVERSION = YES;
				CLANG_WARN_OBJC_ROOT_CLASS = YES_ERROR;
				CLANG_WARN_SUSPICIOUS_MOVE = YES;
				CLANG_WARN_UNREACHABLE_CODE = YES;
				CLANG_WARN__DUPLICATE_METHOD_MATCH = YES;
				"CODE_SIGN_IDENTITY[sdk=iphoneos*]" = "iPhone Developer";
				COPY_PHASE_STRIP = NO;
				DEBUG_INFORMATION_FORMAT = dwarf;
				ENABLE_STRICT_OBJC_MSGSEND = YES;
				ENABLE_TESTABILITY = YES;
				GCC_C_LANGUAGE_STANDARD = gnu99;
				GCC_DYNAMIC_NO_PIC = NO;
				GCC_NO_COMMON_BLOCKS = YES;
				GCC_OPTIMIZATION_LEVEL = 0;
				GCC_PREPROCESSOR_DEFINITIONS = (
					"DEBUG=1",
					"$(inherited)",
				);
				GCC_WARN_64_TO_32_BIT_CONVERSION = YES;
				GCC_WARN_ABOUT_RETURN_TYPE = YES_ERROR;
				GCC_WARN_UNDECLARED_SELECTOR = YES;
				GCC_WARN_UNINITIALIZED_AUTOS = YES_AGGRESSIVE;
				GCC_WARN_UNUSED_FUNCTION = YES;
				GCC_WARN_UNUSED_VARIABLE = YES;
				IPHONEOS_DEPLOYMENT_TARGET = 10.3;
				MTL_ENABLE_DEBUG_INFO = YES;
				ONLY_ACTIVE_ARCH = YES;
				SDKROOT = iphoneos;
				SWIFT_ACTIVE_COMPILATION_CONDITIONS = DEBUG;
				SWIFT_OPTIMIZATION_LEVEL = "-Onone";
				TARGETED_DEVICE_FAMILY = "1,2";
			};
			name = Debug;
		};
		B31184551F45D8B9002D700F /* Release */ = {
			isa = XCBuildConfiguration;
			buildSettings = {
				ALWAYS_SEARCH_USER_PATHS = NO;
				CLANG_ANALYZER_NONNULL = YES;
				CLANG_ANALYZER_NUMBER_OBJECT_CONVERSION = YES_AGGRESSIVE;
				CLANG_CXX_LANGUAGE_STANDARD = "gnu++0x";
				CLANG_CXX_LIBRARY = "libc++";
				CLANG_ENABLE_MODULES = YES;
				CLANG_ENABLE_OBJC_ARC = YES;
				CLANG_WARN_BOOL_CONVERSION = YES;
				CLANG_WARN_CONSTANT_CONVERSION = YES;
				CLANG_WARN_DIRECT_OBJC_ISA_USAGE = YES_ERROR;
				CLANG_WARN_DOCUMENTATION_COMMENTS = YES;
				CLANG_WARN_EMPTY_BODY = YES;
				CLANG_WARN_ENUM_CONVERSION = YES;
				CLANG_WARN_INFINITE_RECURSION = YES;
				CLANG_WARN_INT_CONVERSION = YES;
				CLANG_WARN_OBJC_ROOT_CLASS = YES_ERROR;
				CLANG_WARN_SUSPICIOUS_MOVE = YES;
				CLANG_WARN_UNREACHABLE_CODE = YES;
				CLANG_WARN__DUPLICATE_METHOD_MATCH = YES;
				"CODE_SIGN_IDENTITY[sdk=iphoneos*]" = "iPhone Developer";
				COPY_PHASE_STRIP = NO;
				DEBUG_INFORMATION_FORMAT = "dwarf-with-dsym";
				ENABLE_NS_ASSERTIONS = NO;
				ENABLE_STRICT_OBJC_MSGSEND = YES;
				GCC_C_LANGUAGE_STANDARD = gnu99;
				GCC_NO_COMMON_BLOCKS = YES;
				GCC_WARN_64_TO_32_BIT_CONVERSION = YES;
				GCC_WARN_ABOUT_RETURN_TYPE = YES_ERROR;
				GCC_WARN_UNDECLARED_SELECTOR = YES;
				GCC_WARN_UNINITIALIZED_AUTOS = YES_AGGRESSIVE;
				GCC_WARN_UNUSED_FUNCTION = YES;
				GCC_WARN_UNUSED_VARIABLE = YES;
				IPHONEOS_DEPLOYMENT_TARGET = 10.3;
				MTL_ENABLE_DEBUG_INFO = NO;
				SDKROOT = iphoneos;
				SWIFT_OPTIMIZATION_LEVEL = "-Owholemodule";
				TARGETED_DEVICE_FAMILY = "1,2";
				VALIDATE_PRODUCT = YES;
			};
			name = Release;
		};
		B31184571F45D8B9002D700F /* Debug */ = {
			isa = XCBuildConfiguration;
			buildSettings = {
				ASSETCATALOG_COMPILER_APPICON_NAME = AppIcon;
				INFOPLIST_FILE = ToDoList/Info.plist;
				LD_RUNPATH_SEARCH_PATHS = "$(inherited) @executable_path/Frameworks";
				PRODUCT_BUNDLE_IDENTIFIER = com.example.ToDoList;
				PRODUCT_NAME = "$(TARGET_NAME)";
				SWIFT_VERSION = 3.0;
			};
			name = Debug;
		};
		B31184581F45D8B9002D700F /* Release */ = {
			isa = XCBuildConfiguration;
			buildSettings = {
				ASSETCATALOG_COMPILER_APPICON_NAME = AppIcon;
				INFOPLIST_FILE = ToDoList/Info.plist;
				LD_RUNPATH_SEARCH_PATHS = "$(inherited) @executable_path/Frameworks";
				PRODUCT_BUNDLE_IDENTIFIER = com.example.ToDoList;
				PRODUCT_NAME = "$(TARGET_NAME)";
				SWIFT_VERSION = 3.0;
			};
			name = Release;
		};
/* End XCBuildConfiguration section */

/* Begin XCConfigurationList section */
		B311843F1F45D8B9002D700F /* Build configuration list for PBXProject "ToDoList" */ = {
			isa = XCConfigurationList;
			buildConfigurations = (
				B31184541F45D8B9002D700F /* Debug */,
				B31184551F45D8B9002D700F /* Release */,
			);
			defaultConfigurationIsVisible = 0;
			defaultConfigurationName = Release;
		};
		B31184561F45D8B9002D700F /* Build configuration list for PBXNativeTarget "ToDoList" */ = {
			isa = XCConfigurationList;
			buildConfigurations = (
				B31184571F45D8B9002D700F /* Debug */,
				B31184581F45D8B9002D700F /* Release */,
			);
			defaultConfigurationIsVisible = 0;
		};
/* End XCConfigurationList section */
	};
	rootObject = B311843C1F45D8B9002D700F /* Project object */;
}
