// !$*UTF8*$!
{
	archiveVersion = 1;
	classes = {
	};
	objectVersion = 46;
	objects = {

/* Begin PBXBuildFile section */
		B34FD7A21F35C2F2006F1B95 /* AppDelegate.swift in Sources */ = {isa = PBXBuildFile; fileRef = B34FD7A11F35C2F2006F1B95 /* AppDelegate.swift */; };
		B34FD7A41F35C2F2006F1B95 /* RedViewController.swift in Sources */ = {isa = PBXBuildFile; fileRef = B34FD7A31F35C2F2006F1B95 /* RedViewController.swift */; };
		B34FD7A71F35C2F2006F1B95 /* Main.storyboard in Resources */ = {isa = PBXBuildFile; fileRef = B34FD7A51F35C2F2006F1B95 /* Main.storyboard */; };
		B34FD7A91F35C2F2006F1B95 /* Assets.xcassets in Resources */ = {isa = PBXBuildFile; fileRef = B34FD7A81F35C2F2006F1B95 /* Assets.xcassets */; };
		B34FD7AC1F35C2F2006F1B95 /* LaunchScreen.storyboard in Resources */ = {isa = PBXBuildFile; fileRef = B34FD7AA1F35C2F2006F1B95 /* LaunchScreen.storyboard */; };
		B34FD7B41F35D1DE006F1B95 /* OrangeViewController.swift in Sources */ = {isa = PBXBuildFile; fileRef = B34FD7B31F35D1DE006F1B95 /* OrangeViewController.swift */; };
		B34FD7B61F35D24D006F1B95 /* YellowViewController.swift in Sources */ = {isa = PBXBuildFile; fileRef = B34FD7B51F35D24D006F1B95 /* YellowViewController.swift */; };
		B34FD7B81F35D26A006F1B95 /* GreenViewController.swift in Sources */ = {isa = PBXBuildFile; fileRef = B34FD7B71F35D26A006F1B95 /* GreenViewController.swift */; };
		B34FD7BA1F35D287006F1B95 /* BlueViewController.swift in Sources */ = {isa = PBXBuildFile; fileRef = B34FD7B91F35D287006F1B95 /* BlueViewController.swift */; };
/* End PBXBuildFile section */

/* Begin PBXFileReference section */
		B34FD79E1F35C2F2006F1B95 /* RainbowTabs.app */ = {isa = PBXFileReference; explicitFileType = wrapper.application; includeInIndex = 0; path = RainbowTabs.app; sourceTree = BUILT_PRODUCTS_DIR; };
		B34FD7A11F35C2F2006F1B95 /* AppDelegate.swift */ = {isa = PBXFileReference; lastKnownFileType = sourcecode.swift; path = AppDelegate.swift; sourceTree = "<group>"; };
		B34FD7A31F35C2F2006F1B95 /* RedViewController.swift */ = {isa = PBXFileReference; lastKnownFileType = sourcecode.swift; path = RedViewController.swift; sourceTree = "<group>"; };
		B34FD7A61F35C2F2006F1B95 /* Base */ = {isa = PBXFileReference; lastKnownFileType = file.storyboard; name = Base; path = Base.lproj/Main.storyboard; sourceTree = "<group>"; };
		B34FD7A81F35C2F2006F1B95 /* Assets.xcassets */ = {isa = PBXFileReference; lastKnownFileType = folder.assetcatalog; path = Assets.xcassets; sourceTree = "<group>"; };
		B34FD7AB1F35C2F2006F1B95 /* Base */ = {isa = PBXFileReference; lastKnownFileType = file.storyboard; name = Base; path = Base.lproj/LaunchScreen.storyboard; sourceTree = "<group>"; };
		B34FD7AD1F35C2F2006F1B95 /* Info.plist */ = {isa = PBXFileReference; lastKnownFileType = text.plist.xml; path = Info.plist; sourceTree = "<group>"; };
		B34FD7B31F35D1DE006F1B95 /* OrangeViewController.swift */ = {isa = PBXFileReference; fileEncoding = 4; lastKnownFileType = sourcecode.swift; path = OrangeViewController.swift; sourceTree = "<group>"; };
		B34FD7B51F35D24D006F1B95 /* YellowViewController.swift */ = {isa = PBXFileReference; fileEncoding = 4; lastKnownFileType = sourcecode.swift; path = YellowViewController.swift; sourceTree = "<group>"; };
		B34FD7B71F35D26A006F1B95 /* GreenViewController.swift */ = {isa = PBXFileReference; fileEncoding = 4; lastKnownFileType = sourcecode.swift; path = GreenViewController.swift; sourceTree = "<group>"; };
		B34FD7B91F35D287006F1B95 /* BlueViewController.swift */ = {isa = PBXFileReference; fileEncoding = 4; lastKnownFileType = sourcecode.swift; path = BlueViewController.swift; sourceTree = "<group>"; };
/* End PBXFileReference section */

/* Begin PBXFrameworksBuildPhase section */
		B34FD79B1F35C2F2006F1B95 /* Frameworks */ = {
			isa = PBXFrameworksBuildPhase;
			buildActionMask = 2147483647;
			files = (
			);
			runOnlyForDeploymentPostprocessing = 0;
		};
/* End PBXFrameworksBuildPhase section */

/* Begin PBXGroup section */
		B34FD7951F35C2F2006F1B95 = {
			isa = PBXGroup;
			children = (
				B34FD7A01F35C2F2006F1B95 /* RainbowTabs */,
				B34FD79F1F35C2F2006F1B95 /* Products */,
			);
			sourceTree = "<group>";
		};
		B34FD79F1F35C2F2006F1B95 /* Products */ = {
			isa = PBXGroup;
			children = (
				B34FD79E1F35C2F2006F1B95 /* RainbowTabs.app */,
			);
			name = Products;
			sourceTree = "<group>";
		};
		B34FD7A01F35C2F2006F1B95 /* RainbowTabs */ = {
			isa = PBXGroup;
			children = (
				B34FD7AD1F35C2F2006F1B95 /* Info.plist */,
				B34FD7A11F35C2F2006F1B95 /* AppDelegate.swift */,
				B34FD7B91F35D287006F1B95 /* BlueViewController.swift */,
				B34FD7B71F35D26A006F1B95 /* GreenViewController.swift */,
				B34FD7B31F35D1DE006F1B95 /* OrangeViewController.swift */,
				B34FD7A31F35C2F2006F1B95 /* RedViewController.swift */,
				B34FD7B51F35D24D006F1B95 /* YellowViewController.swift */,
				B34FD7A81F35C2F2006F1B95 /* Assets.xcassets */,
				B34FD7AA1F35C2F2006F1B95 /* LaunchScreen.storyboard */,
				B34FD7A51F35C2F2006F1B95 /* Main.storyboard */,
			);
			path = RainbowTabs;
			sourceTree = "<group>";
		};
/* End PBXGroup section */

/* Begin PBXNativeTarget section */
		B34FD79D1F35C2F2006F1B95 /* RainbowTabs */ = {
			isa = PBXNativeTarget;
			buildConfigurationList = B34FD7B01F35C2F2006F1B95 /* Build configuration list for PBXNativeTarget "RainbowTabs" */;
			buildPhases = (
				B34FD79A1F35C2F2006F1B95 /* Sources */,
				B34FD79B1F35C2F2006F1B95 /* Frameworks */,
				B34FD79C1F35C2F2006F1B95 /* Resources */,
			);
			buildRules = (
			);
			dependencies = (
			);
			name = RainbowTabs;
			productName = RainbowTabs;
			productReference = B34FD79E1F35C2F2006F1B95 /* RainbowTabs.app */;
			productType = "com.apple.product-type.application";
		};
/* End PBXNativeTarget section */

/* Begin PBXProject section */
		B34FD7961F35C2F2006F1B95 /* Project object */ = {
			isa = PBXProject;
			attributes = {
				LastSwiftUpdateCheck = 0830;
				LastUpgradeCheck = 0830;
				ORGANIZATIONNAME = "Guillermo Alcalá Gamero";
				TargetAttributes = {
					B34FD79D1F35C2F2006F1B95 = {
						CreatedOnToolsVersion = 8.3.3;
						ProvisioningStyle = Automatic;
					};
				};
			};
			buildConfigurationList = B34FD7991F35C2F2006F1B95 /* Build configuration list for PBXProject "RainbowTabs" */;
			compatibilityVersion = "Xcode 3.2";
			developmentRegion = English;
			hasScannedForEncodings = 0;
			knownRegions = (
				en,
				Base,
			);
			mainGroup = B34FD7951F35C2F2006F1B95;
			productRefGroup = B34FD79F1F35C2F2006F1B95 /* Products */;
			projectDirPath = "";
			projectRoot = "";
			targets = (
				B34FD79D1F35C2F2006F1B95 /* RainbowTabs */,
			);
		};
/* End PBXProject section */

/* Begin PBXResourcesBuildPhase section */
		B34FD79C1F35C2F2006F1B95 /* Resources */ = {
			isa = PBXResourcesBuildPhase;
			buildActionMask = 2147483647;
			files = (
				B34FD7AC1F35C2F2006F1B95 /* LaunchScreen.storyboard in Resources */,
				B34FD7A91F35C2F2006F1B95 /* Assets.xcassets in Resources */,
				B34FD7A71F35C2F2006F1B95 /* Main.storyboard in Resources */,
			);
			runOnlyForDeploymentPostprocessing = 0;
		};
/* End PBXResourcesBuildPhase section */

/* Begin PBXSourcesBuildPhase section */
		B34FD79A1F35C2F2006F1B95 /* Sources */ = {
			isa = PBXSourcesBuildPhase;
			buildActionMask = 2147483647;
			files = (
				B34FD7B61F35D24D006F1B95 /* YellowViewController.swift in Sources */,
				B34FD7A41F35C2F2006F1B95 /* RedViewController.swift in Sources */,
				B34FD7A21F35C2F2006F1B95 /* AppDelegate.swift in Sources */,
				B34FD7B41F35D1DE006F1B95 /* OrangeViewController.swift in Sources */,
				B34FD7BA1F35D287006F1B95 /* BlueViewController.swift in Sources */,
				B34FD7B81F35D26A006F1B95 /* GreenViewController.swift in Sources */,
			);
			runOnlyForDeploymentPostprocessing = 0;
		};
/* End PBXSourcesBuildPhase section */

/* Begin PBXVariantGroup section */
		B34FD7A51F35C2F2006F1B95 /* Main.storyboard */ = {
			isa = PBXVariantGroup;
			children = (
				B34FD7A61F35C2F2006F1B95 /* Base */,
			);
			name = Main.storyboard;
			sourceTree = "<group>";
		};
		B34FD7AA1F35C2F2006F1B95 /* LaunchScreen.storyboard */ = {
			isa = PBXVariantGroup;
			children = (
				B34FD7AB1F35C2F2006F1B95 /* Base */,
			);
			name = LaunchScreen.storyboard;
			sourceTree = "<group>";
		};
/* End PBXVariantGroup section */

/* Begin XCBuildConfiguration section */
		B34FD7AE1F35C2F2006F1B95 /* Debug */ = {
			isa = XCBuildConfiguration;
			buildSettings = {
				ALWAYS_SEARCH_USER_PATHS = NO;
				CLANG_ANALYZER_NONNULL = YES;
				CLANG_ANALYZER_NUMBER_OBJECT_CONVERSION = YES_AGGRESSIVE;
				CLANG_CXX_LANGUAGE_STANDARD = "gnu++0x";
				CLANG_CXX_LIBRARY = "libc++";
				CLANG_ENABLE_MODULES = YES;
				CLANG_ENABLE_OBJC_ARC = YES;
				CLANG_WARN_BOOL_CONVERSION = YES;
				CLANG_WARN_CONSTANT_CONVERSION = YES;
				CLANG_WARN_DIRECT_OBJC_ISA_USAGE = YES_ERROR;
				CLANG_WARN_DOCUMENTATION_COMMENTS = YES;
				CLANG_WARN_EMPTY_BODY = YES;
				CLANG_WARN_ENUM_CONVERSION = YES;
				CLANG_WARN_INFINITE_RECURSION = YES;
				CLANG_WARN_INT_CONVERSION = YES;
				CLANG_WARN_OBJC_ROOT_CLASS = YES_ERROR;
				CLANG_WARN_SUSPICIOUS_MOVE = YES;
				CLANG_WARN_UNREACHABLE_CODE = YES;
				CLANG_WARN__DUPLICATE_METHOD_MATCH = YES;
				"CODE_SIGN_IDENTITY[sdk=iphoneos*]" = "iPhone Developer";
				COPY_PHASE_STRIP = NO;
				DEBUG_INFORMATION_FORMAT = dwarf;
				ENABLE_STRICT_OBJC_MSGSEND = YES;
				ENABLE_TESTABILITY = YES;
				GCC_C_LANGUAGE_STANDARD = gnu99;
				GCC_DYNAMIC_NO_PIC = NO;
				GCC_NO_COMMON_BLOCKS = YES;
				GCC_OPTIMIZATION_LEVEL = 0;
				GCC_PREPROCESSOR_DEFINITIONS = (
					"DEBUG=1",
					"$(inherited)",
				);
				GCC_WARN_64_TO_32_BIT_CONVERSION = YES;
				GCC_WARN_ABOUT_RETURN_TYPE = YES_ERROR;
				GCC_WARN_UNDECLARED_SELECTOR = YES;
				GCC_WARN_UNINITIALIZED_AUTOS = YES_AGGRESSIVE;
				GCC_WARN_UNUSED_FUNCTION = YES;
				GCC_WARN_UNUSED_VARIABLE = YES;
				IPHONEOS_DEPLOYMENT_TARGET = 10.3;
				MTL_ENABLE_DEBUG_INFO = YES;
				ONLY_ACTIVE_ARCH = YES;
				SDKROOT = iphoneos;
				SWIFT_ACTIVE_COMPILATION_CONDITIONS = DEBUG;
				SWIFT_OPTIMIZATION_LEVEL = "-Onone";
			};
			name = Debug;
		};
		B34FD7AF1F35C2F2006F1B95 /* Release */ = {
			isa = XCBuildConfiguration;
			buildSettings = {
				ALWAYS_SEARCH_USER_PATHS = NO;
				CLANG_ANALYZER_NONNULL = YES;
				CLANG_ANALYZER_NUMBER_OBJECT_CONVERSION = YES_AGGRESSIVE;
				CLANG_CXX_LANGUAGE_STANDARD = "gnu++0x";
				CLANG_CXX_LIBRARY = "libc++";
				CLANG_ENABLE_MODULES = YES;
				CLANG_ENABLE_OBJC_ARC = YES;
				CLANG_WARN_BOOL_CONVERSION = YES;
				CLANG_WARN_CONSTANT_CONVERSION = YES;
				CLANG_WARN_DIRECT_OBJC_ISA_USAGE = YES_ERROR;
				CLANG_WARN_DOCUMENTATION_COMMENTS = YES;
				CLANG_WARN_EMPTY_BODY = YES;
				CLANG_WARN_ENUM_CONVERSION = YES;
				CLANG_WARN_INFINITE_RECURSION = YES;
				CLANG_WARN_INT_CONVERSION = YES;
				CLANG_WARN_OBJC_ROOT_CLASS = YES_ERROR;
				CLANG_WARN_SUSPICIOUS_MOVE = YES;
				CLANG_WARN_UNREACHABLE_CODE = YES;
				CLANG_WARN__DUPLICATE_METHOD_MATCH = YES;
				"CODE_SIGN_IDENTITY[sdk=iphoneos*]" = "iPhone Developer";
				COPY_PHASE_STRIP = NO;
				DEBUG_INFORMATION_FORMAT = "dwarf-with-dsym";
				ENABLE_NS_ASSERTIONS = NO;
				ENABLE_STRICT_OBJC_MSGSEND = YES;
				GCC_C_LANGUAGE_STANDARD = gnu99;
				GCC_NO_COMMON_BLOCKS = YES;
				GCC_WARN_64_TO_32_BIT_CONVERSION = YES;
				GCC_WARN_ABOUT_RETURN_TYPE = YES_ERROR;
				GCC_WARN_UNDECLARED_SELECTOR = YES;
				GCC_WARN_UNINITIALIZED_AUTOS = YES_AGGRESSIVE;
				GCC_WARN_UNUSED_FUNCTION = YES;
				GCC_WARN_UNUSED_VARIABLE = YES;
				IPHONEOS_DEPLOYMENT_TARGET = 10.3;
				MTL_ENABLE_DEBUG_INFO = NO;
				SDKROOT = iphoneos;
				SWIFT_OPTIMIZATION_LEVEL = "-Owholemodule";
				VALIDATE_PRODUCT = YES;
			};
			name = Release;
		};
		B34FD7B11F35C2F2006F1B95 /* Debug */ = {
			isa = XCBuildConfiguration;
			buildSettings = {
				ASSETCATALOG_COMPILER_APPICON_NAME = AppIcon;
				INFOPLIST_FILE = RainbowTabs/Info.plist;
				LD_RUNPATH_SEARCH_PATHS = "$(inherited) @executable_path/Frameworks";
				PRODUCT_BUNDLE_IDENTIFIER = com.example.RainbowTabs;
				PRODUCT_NAME = "$(TARGET_NAME)";
				SWIFT_VERSION = 3.0;
			};
			name = Debug;
		};
		B34FD7B21F35C2F2006F1B95 /* Release */ = {
			isa = XCBuildConfiguration;
			buildSettings = {
				ASSETCATALOG_COMPILER_APPICON_NAME = AppIcon;
				INFOPLIST_FILE = RainbowTabs/Info.plist;
				LD_RUNPATH_SEARCH_PATHS = "$(inherited) @executable_path/Frameworks";
				PRODUCT_BUNDLE_IDENTIFIER = com.example.RainbowTabs;
				PRODUCT_NAME = "$(TARGET_NAME)";
				SWIFT_VERSION = 3.0;
			};
			name = Release;
		};
/* End XCBuildConfiguration section */

/* Begin XCConfigurationList section */
		B34FD7991F35C2F2006F1B95 /* Build configuration list for PBXProject "RainbowTabs" */ = {
			isa = XCConfigurationList;
			buildConfigurations = (
				B34FD7AE1F35C2F2006F1B95 /* Debug */,
				B34FD7AF1F35C2F2006F1B95 /* Release */,
			);
			defaultConfigurationIsVisible = 0;
			defaultConfigurationName = Release;
		};
		B34FD7B01F35C2F2006F1B95 /* Build configuration list for PBXNativeTarget "RainbowTabs" */ = {
			isa = XCConfigurationList;
			buildConfigurations = (
				B34FD7B11F35C2F2006F1B95 /* Debug */,
				B34FD7B21F35C2F2006F1B95 /* Release */,
			);
			defaultConfigurationIsVisible = 0;
		};
/* End XCConfigurationList section */
	};
	rootObject = B34FD7961F35C2F2006F1B95 /* Project object */;
}
