// !$*UTF8*$!
{
	archiveVersion = 1;
	classes = {
	};
	objectVersion = 46;
	objects = {

/* Begin PBXBuildFile section */
		B326FC071F4ADFDC005287DC /* AppDelegate.swift in Sources */ = {isa = PBXBuildFile; fileRef = B326FC061F4ADFDC005287DC /* AppDelegate.swift */; };
		B326FC091F4ADFDC005287DC /* ViewController.swift in Sources */ = {isa = PBXBuildFile; fileRef = B326FC081F4ADFDC005287DC /* ViewController.swift */; };
		B326FC0C1F4ADFDC005287DC /* Main.storyboard in Resources */ = {isa = PBXBuildFile; fileRef = B326FC0A1F4ADFDC005287DC /* Main.storyboard */; };
		B326FC0E1F4ADFDC005287DC /* Assets.xcassets in Resources */ = {isa = PBXBuildFile; fileRef = B326FC0D1F4ADFDC005287DC /* Assets.xcassets */; };
		B326FC111F4ADFDC005287DC /* LaunchScreen.storyboard in Resources */ = {isa = PBXBuildFile; fileRef = B326FC0F1F4ADFDC005287DC /* LaunchScreen.storyboard */; };
		B326FC191F4AED30005287DC /* PhotoInfo.swift in Sources */ = {isa = PBXBuildFile; fileRef = B326FC181F4AED30005287DC /* PhotoInfo.swift */; };
		B326FC1B1F4AEE7A005287DC /* URLHelper.swift in Sources */ = {isa = PBXBuildFile; fileRef = B326FC1A1F4AEE7A005287DC /* URLHelper.swift */; };
		B326FC1F1F4AEF30005287DC /* PhotoInfoController.swift in Sources */ = {isa = PBXBuildFile; fileRef = B326FC1E1F4AEF30005287DC /* PhotoInfoController.swift */; };
/* End PBXBuildFile section */

/* Begin PBXFileReference section */
		B326FC031F4ADFDC005287DC /* SpacePhoto.app */ = {isa = PBXFileReference; explicitFileType = wrapper.application; includeInIndex = 0; path = SpacePhoto.app; sourceTree = BUILT_PRODUCTS_DIR; };
		B326FC061F4ADFDC005287DC /* AppDelegate.swift */ = {isa = PBXFileReference; lastKnownFileType = sourcecode.swift; path = AppDelegate.swift; sourceTree = "<group>"; };
		B326FC081F4ADFDC005287DC /* ViewController.swift */ = {isa = PBXFileReference; lastKnownFileType = sourcecode.swift; path = ViewController.swift; sourceTree = "<group>"; };
		B326FC0B1F4ADFDC005287DC /* Base */ = {isa = PBXFileReference; lastKnownFileType = file.storyboard; name = Base; path = Base.lproj/Main.storyboard; sourceTree = "<group>"; };
		B326FC0D1F4ADFDC005287DC /* Assets.xcassets */ = {isa = PBXFileReference; lastKnownFileType = folder.assetcatalog; path = Assets.xcassets; sourceTree = "<group>"; };
		B326FC101F4ADFDC005287DC /* Base */ = {isa = PBXFileReference; lastKnownFileType = file.storyboard; name = Base; path = Base.lproj/LaunchScreen.storyboard; sourceTree = "<group>"; };
		B326FC121F4ADFDC005287DC /* Info.plist */ = {isa = PBXFileReference; lastKnownFileType = text.plist.xml; path = Info.plist; sourceTree = "<group>"; };
		B326FC181F4AED30005287DC /* PhotoInfo.swift */ = {isa = PBXFileReference; fileEncoding = 4; lastKnownFileType = sourcecode.swift; path = PhotoInfo.swift; sourceTree = "<group>"; };
		B326FC1A1F4AEE7A005287DC /* URLHelper.swift */ = {isa = PBXFileReference; fileEncoding = 4; lastKnownFileType = sourcecode.swift; path = URLHelper.swift; sourceTree = "<group>"; };
		B326FC1E1F4AEF30005287DC /* PhotoInfoController.swift */ = {isa = PBXFileReference; fileEncoding = 4; lastKnownFileType = sourcecode.swift; path = PhotoInfoController.swift; sourceTree = "<group>"; };
/* End PBXFileReference section */

/* Begin PBXFrameworksBuildPhase section */
		B326FC001F4ADFDC005287DC /* Frameworks */ = {
			isa = PBXFrameworksBuildPhase;
			buildActionMask = 2147483647;
			files = (
			);
			runOnlyForDeploymentPostprocessing = 0;
		};
/* End PBXFrameworksBuildPhase section */

/* Begin PBXGroup section */
		B326FBFA1F4ADFDC005287DC = {
			isa = PBXGroup;
			children = (
				B326FC051F4ADFDC005287DC /* SpacePhoto */,
				B326FC041F4ADFDC005287DC /* Products */,
			);
			sourceTree = "<group>";
		};
		B326FC041F4ADFDC005287DC /* Products */ = {
			isa = PBXGroup;
			children = (
				B326FC031F4ADFDC005287DC /* SpacePhoto.app */,
			);
			name = Products;
			sourceTree = "<group>";
		};
		B326FC051F4ADFDC005287DC /* SpacePhoto */ = {
			isa = PBXGroup;
			children = (
				B326FC061F4ADFDC005287DC /* AppDelegate.swift */,
				B326FC081F4ADFDC005287DC /* ViewController.swift */,
				B326FC0A1F4ADFDC005287DC /* Main.storyboard */,
				B326FC0D1F4ADFDC005287DC /* Assets.xcassets */,
				B326FC0F1F4ADFDC005287DC /* LaunchScreen.storyboard */,
				B326FC121F4ADFDC005287DC /* Info.plist */,
				B326FC181F4AED30005287DC /* PhotoInfo.swift */,
				B326FC1A1F4AEE7A005287DC /* URLHelper.swift */,
				B326FC1E1F4AEF30005287DC /* PhotoInfoController.swift */,
			);
			path = SpacePhoto;
			sourceTree = "<group>";
		};
/* End PBXGroup section */

/* Begin PBXNativeTarget section */
		B326FC021F4ADFDC005287DC /* SpacePhoto */ = {
			isa = PBXNativeTarget;
			buildConfigurationList = B326FC151F4ADFDC005287DC /* Build configuration list for PBXNativeTarget "SpacePhoto" */;
			buildPhases = (
				B326FBFF1F4ADFDC005287DC /* Sources */,
				B326FC001F4ADFDC005287DC /* Frameworks */,
				B326FC011F4ADFDC005287DC /* Resources */,
			);
			buildRules = (
			);
			dependencies = (
			);
			name = SpacePhoto;
			productName = SpacePhoto;
			productReference = B326FC031F4ADFDC005287DC /* SpacePhoto.app */;
			productType = "com.apple.product-type.application";
		};
/* End PBXNativeTarget section */

/* Begin PBXProject section */
		B326FBFB1F4ADFDC005287DC /* Project object */ = {
			isa = PBXProject;
			attributes = {
				LastSwiftUpdateCheck = 0830;
				LastUpgradeCheck = 0830;
				ORGANIZATIONNAME = "Guillermo Alcalá Gamero";
				TargetAttributes = {
					B326FC021F4ADFDC005287DC = {
						CreatedOnToolsVersion = 8.3.3;
						ProvisioningStyle = Automatic;
					};
				};
			};
			buildConfigurationList = B326FBFE1F4ADFDC005287DC /* Build configuration list for PBXProject "SpacePhoto" */;
			compatibilityVersion = "Xcode 3.2";
			developmentRegion = English;
			hasScannedForEncodings = 0;
			knownRegions = (
				en,
				Base,
			);
			mainGroup = B326FBFA1F4ADFDC005287DC;
			productRefGroup = B326FC041F4ADFDC005287DC /* Products */;
			projectDirPath = "";
			projectRoot = "";
			targets = (
				B326FC021F4ADFDC005287DC /* SpacePhoto */,
			);
		};
/* End PBXProject section */

/* Begin PBXResourcesBuildPhase section */
		B326FC011F4ADFDC005287DC /* Resources */ = {
			isa = PBXResourcesBuildPhase;
			buildActionMask = 2147483647;
			files = (
				B326FC111F4ADFDC005287DC /* LaunchScreen.storyboard in Resources */,
				B326FC0E1F4ADFDC005287DC /* Assets.xcassets in Resources */,
				B326FC0C1F4ADFDC005287DC /* Main.storyboard in Resources */,
			);
			runOnlyForDeploymentPostprocessing = 0;
		};
/* End PBXResourcesBuildPhase section */

/* Begin PBXSourcesBuildPhase section */
		B326FBFF1F4ADFDC005287DC /* Sources */ = {
			isa = PBXSourcesBuildPhase;
			buildActionMask = 2147483647;
			files = (
				B326FC191F4AED30005287DC /* PhotoInfo.swift in Sources */,
				B326FC1F1F4AEF30005287DC /* PhotoInfoController.swift in Sources */,
				B326FC1B1F4AEE7A005287DC /* URLHelper.swift in Sources */,
				B326FC091F4ADFDC005287DC /* ViewController.swift in Sources */,
				B326FC071F4ADFDC005287DC /* AppDelegate.swift in Sources */,
			);
			runOnlyForDeploymentPostprocessing = 0;
		};
/* End PBXSourcesBuildPhase section */

/* Begin PBXVariantGroup section */
		B326FC0A1F4ADFDC005287DC /* Main.storyboard */ = {
			isa = PBXVariantGroup;
			children = (
				B326FC0B1F4ADFDC005287DC /* Base */,
			);
			name = Main.storyboard;
			sourceTree = "<group>";
		};
		B326FC0F1F4ADFDC005287DC /* LaunchScreen.storyboard */ = {
			isa = PBXVariantGroup;
			children = (
				B326FC101F4ADFDC005287DC /* Base */,
			);
			name = LaunchScreen.storyboard;
			sourceTree = "<group>";
		};
/* End PBXVariantGroup section */

/* Begin XCBuildConfiguration section */
		B326FC131F4ADFDC005287DC /* Debug */ = {
			isa = XCBuildConfiguration;
			buildSettings = {
				ALWAYS_SEARCH_USER_PATHS = NO;
				CLANG_ANALYZER_NONNULL = YES;
				CLANG_ANALYZER_NUMBER_OBJECT_CONVERSION = YES_AGGRESSIVE;
				CLANG_CXX_LANGUAGE_STANDARD = "gnu++0x";
				CLANG_CXX_LIBRARY = "libc++";
				CLANG_ENABLE_MODULES = YES;
				CLANG_ENABLE_OBJC_ARC = YES;
				CLANG_WARN_BOOL_CONVERSION = YES;
				CLANG_WARN_CONSTANT_CONVERSION = YES;
				CLANG_WARN_DIRECT_OBJC_ISA_USAGE = YES_ERROR;
				CLANG_WARN_DOCUMENTATION_COMMENTS = YES;
				CLANG_WARN_EMPTY_BODY = YES;
				CLANG_WARN_ENUM_CONVERSION = YES;
				CLANG_WARN_INFINITE_RECURSION = YES;
				CLANG_WARN_INT_CONVERSION = YES;
				CLANG_WARN_OBJC_ROOT_CLASS = YES_ERROR;
				CLANG_WARN_SUSPICIOUS_MOVE = YES;
				CLANG_WARN_UNREACHABLE_CODE = YES;
				CLANG_WARN__DUPLICATE_METHOD_MATCH = YES;
				"CODE_SIGN_IDENTITY[sdk=iphoneos*]" = "iPhone Developer";
				COPY_PHASE_STRIP = NO;
				DEBUG_INFORMATION_FORMAT = dwarf;
				ENABLE_STRICT_OBJC_MSGSEND = YES;
				ENABLE_TESTABILITY = YES;
				GCC_C_LANGUAGE_STANDARD = gnu99;
				GCC_DYNAMIC_NO_PIC = NO;
				GCC_NO_COMMON_BLOCKS = YES;
				GCC_OPTIMIZATION_LEVEL = 0;
				GCC_PREPROCESSOR_DEFINITIONS = (
					"DEBUG=1",
					"$(inherited)",
				);
				GCC_WARN_64_TO_32_BIT_CONVERSION = YES;
				GCC_WARN_ABOUT_RETURN_TYPE = YES_ERROR;
				GCC_WARN_UNDECLARED_SELECTOR = YES;
				GCC_WARN_UNINITIALIZED_AUTOS = YES_AGGRESSIVE;
				GCC_WARN_UNUSED_FUNCTION = YES;
				GCC_WARN_UNUSED_VARIABLE = YES;
				IPHONEOS_DEPLOYMENT_TARGET = 10.3;
				MTL_ENABLE_DEBUG_INFO = YES;
				ONLY_ACTIVE_ARCH = YES;
				SDKROOT = iphoneos;
				SWIFT_ACTIVE_COMPILATION_CONDITIONS = DEBUG;
				SWIFT_OPTIMIZATION_LEVEL = "-Onone";
				TARGETED_DEVICE_FAMILY = "1,2";
			};
			name = Debug;
		};
		B326FC141F4ADFDC005287DC /* Release */ = {
			isa = XCBuildConfiguration;
			buildSettings = {
				ALWAYS_SEARCH_USER_PATHS = NO;
				CLANG_ANALYZER_NONNULL = YES;
				CLANG_ANALYZER_NUMBER_OBJECT_CONVERSION = YES_AGGRESSIVE;
				CLANG_CXX_LANGUAGE_STANDARD = "gnu++0x";
				CLANG_CXX_LIBRARY = "libc++";
				CLANG_ENABLE_MODULES = YES;
				CLANG_ENABLE_OBJC_ARC = YES;
				CLANG_WARN_BOOL_CONVERSION = YES;
				CLANG_WARN_CONSTANT_CONVERSION = YES;
				CLANG_WARN_DIRECT_OBJC_ISA_USAGE = YES_ERROR;
				CLANG_WARN_DOCUMENTATION_COMMENTS = YES;
				CLANG_WARN_EMPTY_BODY = YES;
				CLANG_WARN_ENUM_CONVERSION = YES;
				CLANG_WARN_INFINITE_RECURSION = YES;
				CLANG_WARN_INT_CONVERSION = YES;
				CLANG_WARN_OBJC_ROOT_CLASS = YES_ERROR;
				CLANG_WARN_SUSPICIOUS_MOVE = YES;
				CLANG_WARN_UNREACHABLE_CODE = YES;
				CLANG_WARN__DUPLICATE_METHOD_MATCH = YES;
				"CODE_SIGN_IDENTITY[sdk=iphoneos*]" = "iPhone Developer";
				COPY_PHASE_STRIP = NO;
				DEBUG_INFORMATION_FORMAT = "dwarf-with-dsym";
				ENABLE_NS_ASSERTIONS = NO;
				ENABLE_STRICT_OBJC_MSGSEND = YES;
				GCC_C_LANGUAGE_STANDARD = gnu99;
				GCC_NO_COMMON_BLOCKS = YES;
				GCC_WARN_64_TO_32_BIT_CONVERSION = YES;
				GCC_WARN_ABOUT_RETURN_TYPE = YES_ERROR;
				GCC_WARN_UNDECLARED_SELECTOR = YES;
				GCC_WARN_UNINITIALIZED_AUTOS = YES_AGGRESSIVE;
				GCC_WARN_UNUSED_FUNCTION = YES;
				GCC_WARN_UNUSED_VARIABLE = YES;
				IPHONEOS_DEPLOYMENT_TARGET = 10.3;
				MTL_ENABLE_DEBUG_INFO = NO;
				SDKROOT = iphoneos;
				SWIFT_OPTIMIZATION_LEVEL = "-Owholemodule";
				TARGETED_DEVICE_FAMILY = "1,2";
				VALIDATE_PRODUCT = YES;
			};
			name = Release;
		};
		B326FC161F4ADFDC005287DC /* Debug */ = {
			isa = XCBuildConfiguration;
			buildSettings = {
				ASSETCATALOG_COMPILER_APPICON_NAME = AppIcon;
				INFOPLIST_FILE = SpacePhoto/Info.plist;
				LD_RUNPATH_SEARCH_PATHS = "$(inherited) @executable_path/Frameworks";
				PRODUCT_BUNDLE_IDENTIFIER = com.example.SpacePhoto;
				PRODUCT_NAME = "$(TARGET_NAME)";
				SWIFT_VERSION = 3.0;
			};
			name = Debug;
		};
		B326FC171F4ADFDC005287DC /* Release */ = {
			isa = XCBuildConfiguration;
			buildSettings = {
				ASSETCATALOG_COMPILER_APPICON_NAME = AppIcon;
				INFOPLIST_FILE = SpacePhoto/Info.plist;
				LD_RUNPATH_SEARCH_PATHS = "$(inherited) @executable_path/Frameworks";
				PRODUCT_BUNDLE_IDENTIFIER = com.example.SpacePhoto;
				PRODUCT_NAME = "$(TARGET_NAME)";
				SWIFT_VERSION = 3.0;
			};
			name = Release;
		};
/* End XCBuildConfiguration section */

/* Begin XCConfigurationList section */
		B326FBFE1F4ADFDC005287DC /* Build configuration list for PBXProject "SpacePhoto" */ = {
			isa = XCConfigurationList;
			buildConfigurations = (
				B326FC131F4ADFDC005287DC /* Debug */,
				B326FC141F4ADFDC005287DC /* Release */,
			);
			defaultConfigurationIsVisible = 0;
			defaultConfigurationName = Release;
		};
		B326FC151F4ADFDC005287DC /* Build configuration list for PBXNativeTarget "SpacePhoto" */ = {
			isa = XCConfigurationList;
			buildConfigurations = (
				B326FC161F4ADFDC005287DC /* Debug */,
				B326FC171F4ADFDC005287DC /* Release */,
			);
			defaultConfigurationIsVisible = 0;
		};
/* End XCConfigurationList section */
	};
	rootObject = B326FBFB1F4ADFDC005287DC /* Project object */;
}
