// !$*UTF8*$!
{
	archiveVersion = 1;
	classes = {
	};
	objectVersion = 46;
	objects = {

/* Begin PBXBuildFile section */
		B38BFF5F1F49948800974361 /* AppDelegate.swift in Sources */ = {isa = PBXBuildFile; fileRef = B38BFF5E1F49948800974361 /* AppDelegate.swift */; };
		B38BFF611F49948800974361 /* ViewController.swift in Sources */ = {isa = PBXBuildFile; fileRef = B38BFF601F49948800974361 /* ViewController.swift */; };
		B38BFF641F49948800974361 /* Main.storyboard in Resources */ = {isa = PBXBuildFile; fileRef = B38BFF621F49948800974361 /* Main.storyboard */; };
		B38BFF661F49948800974361 /* Assets.xcassets in Resources */ = {isa = PBXBuildFile; fileRef = B38BFF651F49948800974361 /* Assets.xcassets */; };
		B38BFF691F49948800974361 /* LaunchScreen.storyboard in Resources */ = {isa = PBXBuildFile; fileRef = B38BFF671F49948800974361 /* LaunchScreen.storyboard */; };
/* End PBXBuildFile section */

/* Begin PBXFileReference section */
		B38BFF5B1F49948800974361 /* MusicWireframe.app */ = {isa = PBXFileReference; explicitFileType = wrapper.application; includeInIndex = 0; path = MusicWireframe.app; sourceTree = BUILT_PRODUCTS_DIR; };
		B38BFF5E1F49948800974361 /* AppDelegate.swift */ = {isa = PBXFileReference; lastKnownFileType = sourcecode.swift; path = AppDelegate.swift; sourceTree = "<group>"; };
		B38BFF601F49948800974361 /* ViewController.swift */ = {isa = PBXFileReference; lastKnownFileType = sourcecode.swift; path = ViewController.swift; sourceTree = "<group>"; };
		B38BFF631F49948800974361 /* Base */ = {isa = PBXFileReference; lastKnownFileType = file.storyboard; name = Base; path = Base.lproj/Main.storyboard; sourceTree = "<group>"; };
		B38BFF651F49948800974361 /* Assets.xcassets */ = {isa = PBXFileReference; lastKnownFileType = folder.assetcatalog; path = Assets.xcassets; sourceTree = "<group>"; };
		B38BFF681F49948800974361 /* Base */ = {isa = PBXFileReference; lastKnownFileType = file.storyboard; name = Base; path = Base.lproj/LaunchScreen.storyboard; sourceTree = "<group>"; };
		B38BFF6A1F49948800974361 /* Info.plist */ = {isa = PBXFileReference; lastKnownFileType = text.plist.xml; path = Info.plist; sourceTree = "<group>"; };
/* End PBXFileReference section */

/* Begin PBXFrameworksBuildPhase section */
		B38BFF581F49948800974361 /* Frameworks */ = {
			isa = PBXFrameworksBuildPhase;
			buildActionMask = 2147483647;
			files = (
			);
			runOnlyForDeploymentPostprocessing = 0;
		};
/* End PBXFrameworksBuildPhase section */

/* Begin PBXGroup section */
		B38BFF521F49948800974361 = {
			isa = PBXGroup;
			children = (
				B38BFF5D1F49948800974361 /* MusicWireframe */,
				B38BFF5C1F49948800974361 /* Products */,
			);
			sourceTree = "<group>";
		};
		B38BFF5C1F49948800974361 /* Products */ = {
			isa = PBXGroup;
			children = (
				B38BFF5B1F49948800974361 /* MusicWireframe.app */,
			);
			name = Products;
			sourceTree = "<group>";
		};
		B38BFF5D1F49948800974361 /* MusicWireframe */ = {
			isa = PBXGroup;
			children = (
				B38BFF5E1F49948800974361 /* AppDelegate.swift */,
				B38BFF601F49948800974361 /* ViewController.swift */,
				B38BFF621F49948800974361 /* Main.storyboard */,
				B38BFF651F49948800974361 /* Assets.xcassets */,
				B38BFF671F49948800974361 /* LaunchScreen.storyboard */,
				B38BFF6A1F49948800974361 /* Info.plist */,
			);
			path = MusicWireframe;
			sourceTree = "<group>";
		};
/* End PBXGroup section */

/* Begin PBXNativeTarget section */
		B38BFF5A1F49948800974361 /* MusicWireframe */ = {
			isa = PBXNativeTarget;
			buildConfigurationList = B38BFF6D1F49948900974361 /* Build configuration list for PBXNativeTarget "MusicWireframe" */;
			buildPhases = (
				B38BFF571F49948800974361 /* Sources */,
				B38BFF581F49948800974361 /* Frameworks */,
				B38BFF591F49948800974361 /* Resources */,
			);
			buildRules = (
			);
			dependencies = (
			);
			name = MusicWireframe;
			productName = MusicWireframe;
			productReference = B38BFF5B1F49948800974361 /* MusicWireframe.app */;
			productType = "com.apple.product-type.application";
		};
/* End PBXNativeTarget section */

/* Begin PBXProject section */
		B38BFF531F49948800974361 /* Project object */ = {
			isa = PBXProject;
			attributes = {
				LastSwiftUpdateCheck = 0830;
				LastUpgradeCheck = 0830;
				ORGANIZATIONNAME = "Guillermo Alcalá Gamero";
				TargetAttributes = {
					B38BFF5A1F49948800974361 = {
						CreatedOnToolsVersion = 8.3.3;
						ProvisioningStyle = Automatic;
					};
				};
			};
			buildConfigurationList = B38BFF561F49948800974361 /* Build configuration list for PBXProject "MusicWireframe" */;
			compatibilityVersion = "Xcode 3.2";
			developmentRegion = English;
			hasScannedForEncodings = 0;
			knownRegions = (
				en,
				Base,
			);
			mainGroup = B38BFF521F49948800974361;
			productRefGroup = B38BFF5C1F49948800974361 /* Products */;
			projectDirPath = "";
			projectRoot = "";
			targets = (
				B38BFF5A1F49948800974361 /* MusicWireframe */,
			);
		};
/* End PBXProject section */

/* Begin PBXResourcesBuildPhase section */
		B38BFF591F49948800974361 /* Resources */ = {
			isa = PBXResourcesBuildPhase;
			buildActionMask = 2147483647;
			files = (
				B38BFF691F49948800974361 /* LaunchScreen.storyboard in Resources */,
				B38BFF661F49948800974361 /* Assets.xcassets in Resources */,
				B38BFF641F49948800974361 /* Main.storyboard in Resources */,
			);
			runOnlyForDeploymentPostprocessing = 0;
		};
/* End PBXResourcesBuildPhase section */

/* Begin PBXSourcesBuildPhase section */
		B38BFF571F49948800974361 /* Sources */ = {
			isa = PBXSourcesBuildPhase;
			buildActionMask = 2147483647;
			files = (
				B38BFF611F49948800974361 /* ViewController.swift in Sources */,
				B38BFF5F1F49948800974361 /* AppDelegate.swift in Sources */,
			);
			runOnlyForDeploymentPostprocessing = 0;
		};
/* End PBXSourcesBuildPhase section */

/* Begin PBXVariantGroup section */
		B38BFF621F49948800974361 /* Main.storyboard */ = {
			isa = PBXVariantGroup;
			children = (
				B38BFF631F49948800974361 /* Base */,
			);
			name = Main.storyboard;
			sourceTree = "<group>";
		};
		B38BFF671F49948800974361 /* LaunchScreen.storyboard */ = {
			isa = PBXVariantGroup;
			children = (
				B38BFF681F49948800974361 /* Base */,
			);
			name = LaunchScreen.storyboard;
			sourceTree = "<group>";
		};
/* End PBXVariantGroup section */

/* Begin XCBuildConfiguration section */
		B38BFF6B1F49948900974361 /* Debug */ = {
			isa = XCBuildConfiguration;
			buildSettings = {
				ALWAYS_SEARCH_USER_PATHS = NO;
				CLANG_ANALYZER_NONNULL = YES;
				CLANG_ANALYZER_NUMBER_OBJECT_CONVERSION = YES_AGGRESSIVE;
				CLANG_CXX_LANGUAGE_STANDARD = "gnu++0x";
				CLANG_CXX_LIBRARY = "libc++";
				CLANG_ENABLE_MODULES = YES;
				CLANG_ENABLE_OBJC_ARC = YES;
				CLANG_WARN_BOOL_CONVERSION = YES;
				CLANG_WARN_CONSTANT_CONVERSION = YES;
				CLANG_WARN_DIRECT_OBJC_ISA_USAGE = YES_ERROR;
				CLANG_WARN_DOCUMENTATION_COMMENTS = YES;
				CLANG_WARN_EMPTY_BODY = YES;
				CLANG_WARN_ENUM_CONVERSION = YES;
				CLANG_WARN_INFINITE_RECURSION = YES;
				CLANG_WARN_INT_CONVERSION = YES;
				CLANG_WARN_OBJC_ROOT_CLASS = YES_ERROR;
				CLANG_WARN_SUSPICIOUS_MOVE = YES;
				CLANG_WARN_UNREACHABLE_CODE = YES;
				CLANG_WARN__DUPLICATE_METHOD_MATCH = YES;
				"CODE_SIGN_IDENTITY[sdk=iphoneos*]" = "iPhone Developer";
				COPY_PHASE_STRIP = NO;
				DEBUG_INFORMATION_FORMAT = dwarf;
				ENABLE_STRICT_OBJC_MSGSEND = YES;
				ENABLE_TESTABILITY = YES;
				GCC_C_LANGUAGE_STANDARD = gnu99;
				GCC_DYNAMIC_NO_PIC = NO;
				GCC_NO_COMMON_BLOCKS = YES;
				GCC_OPTIMIZATION_LEVEL = 0;
				GCC_PREPROCESSOR_DEFINITIONS = (
					"DEBUG=1",
					"$(inherited)",
				);
				GCC_WARN_64_TO_32_BIT_CONVERSION = YES;
				GCC_WARN_ABOUT_RETURN_TYPE = YES_ERROR;
				GCC_WARN_UNDECLARED_SELECTOR = YES;
				GCC_WARN_UNINITIALIZED_AUTOS = YES_AGGRESSIVE;
				GCC_WARN_UNUSED_FUNCTION = YES;
				GCC_WARN_UNUSED_VARIABLE = YES;
				IPHONEOS_DEPLOYMENT_TARGET = 10.3;
				MTL_ENABLE_DEBUG_INFO = YES;
				ONLY_ACTIVE_ARCH = YES;
				SDKROOT = iphoneos;
				SWIFT_ACTIVE_COMPILATION_CONDITIONS = DEBUG;
				SWIFT_OPTIMIZATION_LEVEL = "-Onone";
				TARGETED_DEVICE_FAMILY = "1,2";
			};
			name = Debug;
		};
		B38BFF6C1F49948900974361 /* Release */ = {
			isa = XCBuildConfiguration;
			buildSettings = {
				ALWAYS_SEARCH_USER_PATHS = NO;
				CLANG_ANALYZER_NONNULL = YES;
				CLANG_ANALYZER_NUMBER_OBJECT_CONVERSION = YES_AGGRESSIVE;
				CLANG_CXX_LANGUAGE_STANDARD = "gnu++0x";
				CLANG_CXX_LIBRARY = "libc++";
				CLANG_ENABLE_MODULES = YES;
				CLANG_ENABLE_OBJC_ARC = YES;
				CLANG_WARN_BOOL_CONVERSION = YES;
				CLANG_WARN_CONSTANT_CONVERSION = YES;
				CLANG_WARN_DIRECT_OBJC_ISA_USAGE = YES_ERROR;
				CLANG_WARN_DOCUMENTATION_COMMENTS = YES;
				CLANG_WARN_EMPTY_BODY = YES;
				CLANG_WARN_ENUM_CONVERSION = YES;
				CLANG_WARN_INFINITE_RECURSION = YES;
				CLANG_WARN_INT_CONVERSION = YES;
				CLANG_WARN_OBJC_ROOT_CLASS = YES_ERROR;
				CLANG_WARN_SUSPICIOUS_MOVE = YES;
				CLANG_WARN_UNREACHABLE_CODE = YES;
				CLANG_WARN__DUPLICATE_METHOD_MATCH = YES;
				"CODE_SIGN_IDENTITY[sdk=iphoneos*]" = "iPhone Developer";
				COPY_PHASE_STRIP = NO;
				DEBUG_INFORMATION_FORMAT = "dwarf-with-dsym";
				ENABLE_NS_ASSERTIONS = NO;
				ENABLE_STRICT_OBJC_MSGSEND = YES;
				GCC_C_LANGUAGE_STANDARD = gnu99;
				GCC_NO_COMMON_BLOCKS = YES;
				GCC_WARN_64_TO_32_BIT_CONVERSION = YES;
				GCC_WARN_ABOUT_RETURN_TYPE = YES_ERROR;
				GCC_WARN_UNDECLARED_SELECTOR = YES;
				GCC_WARN_UNINITIALIZED_AUTOS = YES_AGGRESSIVE;
				GCC_WARN_UNUSED_FUNCTION = YES;
				GCC_WARN_UNUSED_VARIABLE = YES;
				IPHONEOS_DEPLOYMENT_TARGET = 10.3;
				MTL_ENABLE_DEBUG_INFO = NO;
				SDKROOT = iphoneos;
				SWIFT_OPTIMIZATION_LEVEL = "-Owholemodule";
				TARGETED_DEVICE_FAMILY = "1,2";
				VALIDATE_PRODUCT = YES;
			};
			name = Release;
		};
		B38BFF6E1F49948900974361 /* Debug */ = {
			isa = XCBuildConfiguration;
			buildSettings = {
				ASSETCATALOG_COMPILER_APPICON_NAME = AppIcon;
				INFOPLIST_FILE = MusicWireframe/Info.plist;
				LD_RUNPATH_SEARCH_PATHS = "$(inherited) @executable_path/Frameworks";
				PRODUCT_BUNDLE_IDENTIFIER = com.example.MusicWireframe;
				PRODUCT_NAME = "$(TARGET_NAME)";
				SWIFT_VERSION = 3.0;
			};
			name = Debug;
		};
		B38BFF6F1F49948900974361 /* Release */ = {
			isa = XCBuildConfiguration;
			buildSettings = {
				ASSETCATALOG_COMPILER_APPICON_NAME = AppIcon;
				INFOPLIST_FILE = MusicWireframe/Info.plist;
				LD_RUNPATH_SEARCH_PATHS = "$(inherited) @executable_path/Frameworks";
				PRODUCT_BUNDLE_IDENTIFIER = com.example.MusicWireframe;
				PRODUCT_NAME = "$(TARGET_NAME)";
				SWIFT_VERSION = 3.0;
			};
			name = Release;
		};
/* End XCBuildConfiguration section */

/* Begin XCConfigurationList section */
		B38BFF561F49948800974361 /* Build configuration list for PBXProject "MusicWireframe" */ = {
			isa = XCConfigurationList;
			buildConfigurations = (
				B38BFF6B1F49948900974361 /* Debug */,
				B38BFF6C1F49948900974361 /* Release */,
			);
			defaultConfigurationIsVisible = 0;
			defaultConfigurationName = Release;
		};
		B38BFF6D1F49948900974361 /* Build configuration list for PBXNativeTarget "MusicWireframe" */ = {
			isa = XCConfigurationList;
			buildConfigurations = (
				B38BFF6E1F49948900974361 /* Debug */,
				B38BFF6F1F49948900974361 /* Release */,
			);
			defaultConfigurationIsVisible = 0;
		};
/* End XCConfigurationList section */
	};
	rootObject = B38BFF531F49948800974361 /* Project object */;
}
