// !$*UTF8*$!
{
	archiveVersion = 1;
	classes = {
	};
	objectVersion = 46;
	objects = {

/* Begin PBXBuildFile section */
		B33DA8AF1F4C3F2400467925 /* MenuController.swift in Sources */ = {isa = PBXBuildFile; fileRef = B33DA8AE1F4C3F2400467925 /* MenuController.swift */; };
		B33DA8B21F4C64F000467925 /* AddToOrderDelegate.swift in Sources */ = {isa = PBXBuildFile; fileRef = B33DA8B11F4C64F000467925 /* AddToOrderDelegate.swift */; };
		B33DA8B51F4C789E00467925 /* OrderConfirmationViewController.swift in Sources */ = {isa = PBXBuildFile; fileRef = B33DA8B41F4C789E00467925 /* OrderConfirmationViewController.swift */; };
		B397158E1F4C3B840096C164 /* AppDelegate.swift in Sources */ = {isa = PBXBuildFile; fileRef = B397158D1F4C3B840096C164 /* AppDelegate.swift */; };
		B39715931F4C3B840096C164 /* Main.storyboard in Resources */ = {isa = PBXBuildFile; fileRef = B39715911F4C3B840096C164 /* Main.storyboard */; };
		B39715951F4C3B840096C164 /* Assets.xcassets in Resources */ = {isa = PBXBuildFile; fileRef = B39715941F4C3B840096C164 /* Assets.xcassets */; };
		B39715981F4C3B840096C164 /* LaunchScreen.storyboard in Resources */ = {isa = PBXBuildFile; fileRef = B39715961F4C3B840096C164 /* LaunchScreen.storyboard */; };
		B39715A01F4C3BF90096C164 /* CategoryTableViewController.swift in Sources */ = {isa = PBXBuildFile; fileRef = B397159F1F4C3BF90096C164 /* CategoryTableViewController.swift */; };
		B39715A21F4C3C0A0096C164 /* MenuTableViewController.swift in Sources */ = {isa = PBXBuildFile; fileRef = B39715A11F4C3C0A0096C164 /* MenuTableViewController.swift */; };
		B39715A41F4C3C120096C164 /* OrderTableViewController.swift in Sources */ = {isa = PBXBuildFile; fileRef = B39715A31F4C3C120096C164 /* OrderTableViewController.swift */; };
		B39715A71F4C3CC50096C164 /* MenuItemDetailViewController.swift in Sources */ = {isa = PBXBuildFile; fileRef = B39715A61F4C3CC50096C164 /* MenuItemDetailViewController.swift */; };
		B39715A91F4C3D3C0096C164 /* MenuItem.swift in Sources */ = {isa = PBXBuildFile; fileRef = B39715A81F4C3D3C0096C164 /* MenuItem.swift */; };
/* End PBXBuildFile section */

/* Begin PBXFileReference section */
		B33DA8AE1F4C3F2400467925 /* MenuController.swift */ = {isa = PBXFileReference; fileEncoding = 4; lastKnownFileType = sourcecode.swift; path = MenuController.swift; sourceTree = "<group>"; };
		B33DA8B11F4C64F000467925 /* AddToOrderDelegate.swift */ = {isa = PBXFileReference; fileEncoding = 4; lastKnownFileType = sourcecode.swift; path = AddToOrderDelegate.swift; sourceTree = "<group>"; };
		B33DA8B41F4C789E00467925 /* OrderConfirmationViewController.swift */ = {isa = PBXFileReference; fileEncoding = 4; lastKnownFileType = sourcecode.swift; path = OrderConfirmationViewController.swift; sourceTree = "<group>"; };
		B397158A1F4C3B840096C164 /* RESTaurant App.app */ = {isa = PBXFileReference; explicitFileType = wrapper.application; includeInIndex = 0; path = "RESTaurant App.app"; sourceTree = BUILT_PRODUCTS_DIR; };
		B397158D1F4C3B840096C164 /* AppDelegate.swift */ = {isa = PBXFileReference; lastKnownFileType = sourcecode.swift; path = AppDelegate.swift; sourceTree = "<group>"; };
		B39715921F4C3B840096C164 /* Base */ = {isa = PBXFileReference; lastKnownFileType = file.storyboard; name = Base; path = Base.lproj/Main.storyboard; sourceTree = "<group>"; };
		B39715941F4C3B840096C164 /* Assets.xcassets */ = {isa = PBXFileReference; lastKnownFileType = folder.assetcatalog; path = Assets.xcassets; sourceTree = "<group>"; };
		B39715971F4C3B840096C164 /* Base */ = {isa = PBXFileReference; lastKnownFileType = file.storyboard; name = Base; path = Base.lproj/LaunchScreen.storyboard; sourceTree = "<group>"; };
		B39715991F4C3B840096C164 /* Info.plist */ = {isa = PBXFileReference; lastKnownFileType = text.plist.xml; path = Info.plist; sourceTree = "<group>"; };
		B397159F1F4C3BF90096C164 /* CategoryTableViewController.swift */ = {isa = PBXFileReference; fileEncoding = 4; lastKnownFileType = sourcecode.swift; path = CategoryTableViewController.swift; sourceTree = "<group>"; };
		B39715A11F4C3C0A0096C164 /* MenuTableViewController.swift */ = {isa = PBXFileReference; fileEncoding = 4; lastKnownFileType = sourcecode.swift; path = MenuTableViewController.swift; sourceTree = "<group>"; };
		B39715A31F4C3C120096C164 /* OrderTableViewController.swift */ = {isa = PBXFileReference; fileEncoding = 4; lastKnownFileType = sourcecode.swift; path = OrderTableViewController.swift; sourceTree = "<group>"; };
		B39715A61F4C3CC50096C164 /* MenuItemDetailViewController.swift */ = {isa = PBXFileReference; fileEncoding = 4; lastKnownFileType = sourcecode.swift; path = MenuItemDetailViewController.swift; sourceTree = "<group>"; };
		B39715A81F4C3D3C0096C164 /* MenuItem.swift */ = {isa = PBXFileReference; fileEncoding = 4; lastKnownFileType = sourcecode.swift; path = MenuItem.swift; sourceTree = "<group>"; };
/* End PBXFileReference section */

/* Begin PBXFrameworksBuildPhase section */
		B39715871F4C3B840096C164 /* Frameworks */ = {
			isa = PBXFrameworksBuildPhase;
			buildActionMask = 2147483647;
			files = (
			);
			runOnlyForDeploymentPostprocessing = 0;
		};
/* End PBXFrameworksBuildPhase section */

/* Begin PBXGroup section */
		B33DA8B01F4C3F2700467925 /* Controllers */ = {
			isa = PBXGroup;
			children = (
				B33DA8AE1F4C3F2400467925 /* MenuController.swift */,
			);
			name = Controllers;
			sourceTree = "<group>";
		};
		B33DA8B31F4C64F500467925 /* Protocols & Delegates */ = {
			isa = PBXGroup;
			children = (
				B33DA8B11F4C64F000467925 /* AddToOrderDelegate.swift */,
			);
			name = "Protocols & Delegates";
			sourceTree = "<group>";
		};
		B39715811F4C3B840096C164 = {
			isa = PBXGroup;
			children = (
				B397158C1F4C3B840096C164 /* RESTaurant App */,
				B397158B1F4C3B840096C164 /* Products */,
			);
			sourceTree = "<group>";
		};
		B397158B1F4C3B840096C164 /* Products */ = {
			isa = PBXGroup;
			children = (
				B397158A1F4C3B840096C164 /* RESTaurant App.app */,
			);
			name = Products;
			sourceTree = "<group>";
		};
		B397158C1F4C3B840096C164 /* RESTaurant App */ = {
			isa = PBXGroup;
			children = (
				B39715AA1F4C3D400096C164 /* Model */,
				B33DA8B01F4C3F2700467925 /* Controllers */,
				B39715A51F4C3C180096C164 /* View Controllers */,
				B33DA8B31F4C64F500467925 /* Protocols & Delegates */,
				B397158D1F4C3B840096C164 /* AppDelegate.swift */,
				B39715911F4C3B840096C164 /* Main.storyboard */,
				B39715941F4C3B840096C164 /* Assets.xcassets */,
				B39715961F4C3B840096C164 /* LaunchScreen.storyboard */,
				B39715991F4C3B840096C164 /* Info.plist */,
			);
			path = "RESTaurant App";
			sourceTree = "<group>";
		};
		B39715A51F4C3C180096C164 /* View Controllers */ = {
			isa = PBXGroup;
			children = (
				B397159F1F4C3BF90096C164 /* CategoryTableViewController.swift */,
				B39715A61F4C3CC50096C164 /* MenuItemDetailViewController.swift */,
				B39715A11F4C3C0A0096C164 /* MenuTableViewController.swift */,
				B33DA8B41F4C789E00467925 /* OrderConfirmationViewController.swift */,
				B39715A31F4C3C120096C164 /* OrderTableViewController.swift */,
			);
			name = "View Controllers";
			sourceTree = "<group>";
		};
		B39715AA1F4C3D400096C164 /* Model */ = {
			isa = PBXGroup;
			children = (
				B39715A81F4C3D3C0096C164 /* MenuItem.swift */,
			);
			name = Model;
			sourceTree = "<group>";
		};
/* End PBXGroup section */

/* Begin PBXNativeTarget section */
		B39715891F4C3B840096C164 /* RESTaurant App */ = {
			isa = PBXNativeTarget;
			buildConfigurationList = B397159C1F4C3B840096C164 /* Build configuration list for PBXNativeTarget "RESTaurant App" */;
			buildPhases = (
				B39715861F4C3B840096C164 /* Sources */,
				B39715871F4C3B840096C164 /* Frameworks */,
				B39715881F4C3B840096C164 /* Resources */,
			);
			buildRules = (
			);
			dependencies = (
			);
			name = "RESTaurant App";
			productName = "RESTaurant App";
			productReference = B397158A1F4C3B840096C164 /* RESTaurant App.app */;
			productType = "com.apple.product-type.application";
		};
/* End PBXNativeTarget section */

/* Begin PBXProject section */
		B39715821F4C3B840096C164 /* Project object */ = {
			isa = PBXProject;
			attributes = {
				LastSwiftUpdateCheck = 0830;
				LastUpgradeCheck = 0830;
				ORGANIZATIONNAME = "Guillermo Alcalá Gamero";
				TargetAttributes = {
					B39715891F4C3B840096C164 = {
						CreatedOnToolsVersion = 8.3.3;
						ProvisioningStyle = Automatic;
					};
				};
			};
			buildConfigurationList = B39715851F4C3B840096C164 /* Build configuration list for PBXProject "RESTaurant App" */;
			compatibilityVersion = "Xcode 3.2";
			developmentRegion = English;
			hasScannedForEncodings = 0;
			knownRegions = (
				en,
				Base,
			);
			mainGroup = B39715811F4C3B840096C164;
			productRefGroup = B397158B1F4C3B840096C164 /* Products */;
			projectDirPath = "";
			projectRoot = "";
			targets = (
				B39715891F4C3B840096C164 /* RESTaurant App */,
			);
		};
/* End PBXProject section */

/* Begin PBXResourcesBuildPhase section */
		B39715881F4C3B840096C164 /* Resources */ = {
			isa = PBXResourcesBuildPhase;
			buildActionMask = 2147483647;
			files = (
				B39715981F4C3B840096C164 /* LaunchScreen.storyboard in Resources */,
				B39715951F4C3B840096C164 /* Assets.xcassets in Resources */,
				B39715931F4C3B840096C164 /* Main.storyboard in Resources */,
			);
			runOnlyForDeploymentPostprocessing = 0;
		};
/* End PBXResourcesBuildPhase section */

/* Begin PBXSourcesBuildPhase section */
		B39715861F4C3B840096C164 /* Sources */ = {
			isa = PBXSourcesBuildPhase;
			buildActionMask = 2147483647;
			files = (
				B33DA8AF1F4C3F2400467925 /* MenuController.swift in Sources */,
				B39715A91F4C3D3C0096C164 /* MenuItem.swift in Sources */,
				B39715A21F4C3C0A0096C164 /* MenuTableViewController.swift in Sources */,
				B39715A71F4C3CC50096C164 /* MenuItemDetailViewController.swift in Sources */,
				B39715A41F4C3C120096C164 /* OrderTableViewController.swift in Sources */,
				B33DA8B51F4C789E00467925 /* OrderConfirmationViewController.swift in Sources */,
				B397158E1F4C3B840096C164 /* AppDelegate.swift in Sources */,
				B33DA8B21F4C64F000467925 /* AddToOrderDelegate.swift in Sources */,
				B39715A01F4C3BF90096C164 /* CategoryTableViewController.swift in Sources */,
			);
			runOnlyForDeploymentPostprocessing = 0;
		};
/* End PBXSourcesBuildPhase section */

/* Begin PBXVariantGroup section */
		B39715911F4C3B840096C164 /* Main.storyboard */ = {
			isa = PBXVariantGroup;
			children = (
				B39715921F4C3B840096C164 /* Base */,
			);
			name = Main.storyboard;
			sourceTree = "<group>";
		};
		B39715961F4C3B840096C164 /* LaunchScreen.storyboard */ = {
			isa = PBXVariantGroup;
			children = (
				B39715971F4C3B840096C164 /* Base */,
			);
			name = LaunchScreen.storyboard;
			sourceTree = "<group>";
		};
/* End PBXVariantGroup section */

/* Begin XCBuildConfiguration section */
		B397159A1F4C3B840096C164 /* Debug */ = {
			isa = XCBuildConfiguration;
			buildSettings = {
				ALWAYS_SEARCH_USER_PATHS = NO;
				CLANG_ANALYZER_NONNULL = YES;
				CLANG_ANALYZER_NUMBER_OBJECT_CONVERSION = YES_AGGRESSIVE;
				CLANG_CXX_LANGUAGE_STANDARD = "gnu++0x";
				CLANG_CXX_LIBRARY = "libc++";
				CLANG_ENABLE_MODULES = YES;
				CLANG_ENABLE_OBJC_ARC = YES;
				CLANG_WARN_BOOL_CONVERSION = YES;
				CLANG_WARN_CONSTANT_CONVERSION = YES;
				CLANG_WARN_DIRECT_OBJC_ISA_USAGE = YES_ERROR;
				CLANG_WARN_DOCUMENTATION_COMMENTS = YES;
				CLANG_WARN_EMPTY_BODY = YES;
				CLANG_WARN_ENUM_CONVERSION = YES;
				CLANG_WARN_INFINITE_RECURSION = YES;
				CLANG_WARN_INT_CONVERSION = YES;
				CLANG_WARN_OBJC_ROOT_CLASS = YES_ERROR;
				CLANG_WARN_SUSPICIOUS_MOVE = YES;
				CLANG_WARN_UNREACHABLE_CODE = YES;
				CLANG_WARN__DUPLICATE_METHOD_MATCH = YES;
				"CODE_SIGN_IDENTITY[sdk=iphoneos*]" = "iPhone Developer";
				COPY_PHASE_STRIP = NO;
				DEBUG_INFORMATION_FORMAT = dwarf;
				ENABLE_STRICT_OBJC_MSGSEND = YES;
				ENABLE_TESTABILITY = YES;
				GCC_C_LANGUAGE_STANDARD = gnu99;
				GCC_DYNAMIC_NO_PIC = NO;
				GCC_NO_COMMON_BLOCKS = YES;
				GCC_OPTIMIZATION_LEVEL = 0;
				GCC_PREPROCESSOR_DEFINITIONS = (
					"DEBUG=1",
					"$(inherited)",
				);
				GCC_WARN_64_TO_32_BIT_CONVERSION = YES;
				GCC_WARN_ABOUT_RETURN_TYPE = YES_ERROR;
				GCC_WARN_UNDECLARED_SELECTOR = YES;
				GCC_WARN_UNINITIALIZED_AUTOS = YES_AGGRESSIVE;
				GCC_WARN_UNUSED_FUNCTION = YES;
				GCC_WARN_UNUSED_VARIABLE = YES;
				IPHONEOS_DEPLOYMENT_TARGET = 10.3;
				MTL_ENABLE_DEBUG_INFO = YES;
				ONLY_ACTIVE_ARCH = YES;
				SDKROOT = iphoneos;
				SWIFT_ACTIVE_COMPILATION_CONDITIONS = DEBUG;
				SWIFT_OPTIMIZATION_LEVEL = "-Onone";
				TARGETED_DEVICE_FAMILY = "1,2";
			};
			name = Debug;
		};
		B397159B1F4C3B840096C164 /* Release */ = {
			isa = XCBuildConfiguration;
			buildSettings = {
				ALWAYS_SEARCH_USER_PATHS = NO;
				CLANG_ANALYZER_NONNULL = YES;
				CLANG_ANALYZER_NUMBER_OBJECT_CONVERSION = YES_AGGRESSIVE;
				CLANG_CXX_LANGUAGE_STANDARD = "gnu++0x";
				CLANG_CXX_LIBRARY = "libc++";
				CLANG_ENABLE_MODULES = YES;
				CLANG_ENABLE_OBJC_ARC = YES;
				CLANG_WARN_BOOL_CONVERSION = YES;
				CLANG_WARN_CONSTANT_CONVERSION = YES;
				CLANG_WARN_DIRECT_OBJC_ISA_USAGE = YES_ERROR;
				CLANG_WARN_DOCUMENTATION_COMMENTS = YES;
				CLANG_WARN_EMPTY_BODY = YES;
				CLANG_WARN_ENUM_CONVERSION = YES;
				CLANG_WARN_INFINITE_RECURSION = YES;
				CLANG_WARN_INT_CONVERSION = YES;
				CLANG_WARN_OBJC_ROOT_CLASS = YES_ERROR;
				CLANG_WARN_SUSPICIOUS_MOVE = YES;
				CLANG_WARN_UNREACHABLE_CODE = YES;
				CLANG_WARN__DUPLICATE_METHOD_MATCH = YES;
				"CODE_SIGN_IDENTITY[sdk=iphoneos*]" = "iPhone Developer";
				COPY_PHASE_STRIP = NO;
				DEBUG_INFORMATION_FORMAT = "dwarf-with-dsym";
				ENABLE_NS_ASSERTIONS = NO;
				ENABLE_STRICT_OBJC_MSGSEND = YES;
				GCC_C_LANGUAGE_STANDARD = gnu99;
				GCC_NO_COMMON_BLOCKS = YES;
				GCC_WARN_64_TO_32_BIT_CONVERSION = YES;
				GCC_WARN_ABOUT_RETURN_TYPE = YES_ERROR;
				GCC_WARN_UNDECLARED_SELECTOR = YES;
				GCC_WARN_UNINITIALIZED_AUTOS = YES_AGGRESSIVE;
				GCC_WARN_UNUSED_FUNCTION = YES;
				GCC_WARN_UNUSED_VARIABLE = YES;
				IPHONEOS_DEPLOYMENT_TARGET = 10.3;
				MTL_ENABLE_DEBUG_INFO = NO;
				SDKROOT = iphoneos;
				SWIFT_OPTIMIZATION_LEVEL = "-Owholemodule";
				TARGETED_DEVICE_FAMILY = "1,2";
				VALIDATE_PRODUCT = YES;
			};
			name = Release;
		};
		B397159D1F4C3B840096C164 /* Debug */ = {
			isa = XCBuildConfiguration;
			buildSettings = {
				ASSETCATALOG_COMPILER_APPICON_NAME = AppIcon;
				INFOPLIST_FILE = "RESTaurant App/Info.plist";
				LD_RUNPATH_SEARCH_PATHS = "$(inherited) @executable_path/Frameworks";
				PRODUCT_BUNDLE_IDENTIFIER = "com.example.RESTaurant-App";
				PRODUCT_NAME = "$(TARGET_NAME)";
				SWIFT_VERSION = 3.0;
			};
			name = Debug;
		};
		B397159E1F4C3B840096C164 /* Release */ = {
			isa = XCBuildConfiguration;
			buildSettings = {
				ASSETCATALOG_COMPILER_APPICON_NAME = AppIcon;
				INFOPLIST_FILE = "RESTaurant App/Info.plist";
				LD_RUNPATH_SEARCH_PATHS = "$(inherited) @executable_path/Frameworks";
				PRODUCT_BUNDLE_IDENTIFIER = "com.example.RESTaurant-App";
				PRODUCT_NAME = "$(TARGET_NAME)";
				SWIFT_VERSION = 3.0;
			};
			name = Release;
		};
/* End XCBuildConfiguration section */

/* Begin XCConfigurationList section */
		B39715851F4C3B840096C164 /* Build configuration list for PBXProject "RESTaurant App" */ = {
			isa = XCConfigurationList;
			buildConfigurations = (
				B397159A1F4C3B840096C164 /* Debug */,
				B397159B1F4C3B840096C164 /* Release */,
			);
			defaultConfigurationIsVisible = 0;
			defaultConfigurationName = Release;
		};
		B397159C1F4C3B840096C164 /* Build configuration list for PBXNativeTarget "RESTaurant App" */ = {
			isa = XCConfigurationList;
			buildConfigurations = (
				B397159D1F4C3B840096C164 /* Debug */,
				B397159E1F4C3B840096C164 /* Release */,
			);
			defaultConfigurationIsVisible = 0;
			defaultConfigurationName = Release;
		};
/* End XCConfigurationList section */
	};
	rootObject = B39715821F4C3B840096C164 /* Project object */;
}
